// !$*UTF8*$!
{
	archiveVersion = 1;
	classes = {
	};
	objectVersion = 46;
	objects = {

/* Begin PBXBuildFile section */
		00E356F31AD99517003FC87E /* MobileCoderTests.m in Sources */ = {isa = PBXBuildFile; fileRef = 00E356F21AD99517003FC87E /* MobileCoderTests.m */; };
		13B07FBC1A68108700A75B9A /* AppDelegate.m in Sources */ = {isa = PBXBuildFile; fileRef = 13B07FB01A68108700A75B9A /* AppDelegate.m */; };
		13B07FBF1A68108700A75B9A /* Images.xcassets in Resources */ = {isa = PBXBuildFile; fileRef = 13B07FB51A68108700A75B9A /* Images.xcassets */; };
		13B07FC11A68108700A75B9A /* main.m in Sources */ = {isa = PBXBuildFile; fileRef = 13B07FB71A68108700A75B9A /* main.m */; };
		2D02E4BC1E0B4A80006451C7 /* AppDelegate.m in Sources */ = {isa = PBXBuildFile; fileRef = 13B07FB01A68108700A75B9A /* AppDelegate.m */; };
		2D02E4BD1E0B4A84006451C7 /* Images.xcassets in Resources */ = {isa = PBXBuildFile; fileRef = 13B07FB51A68108700A75B9A /* Images.xcassets */; };
		2D02E4BF1E0B4AB3006451C7 /* main.m in Sources */ = {isa = PBXBuildFile; fileRef = 13B07FB71A68108700A75B9A /* main.m */; };
		2DCD954D1E0B4F2C00145EB5 /* MobileCoderTests.m in Sources */ = {isa = PBXBuildFile; fileRef = 00E356F21AD99517003FC87E /* MobileCoderTests.m */; };
		62FB3597904281B3A8965EE9 /* libPods-MobileCoder-tvOS.a in Frameworks */ = {isa = PBXBuildFile; fileRef = F4842275FD9244559A426D3A /* libPods-MobileCoder-tvOS.a */; };
		76816FC13E4917EA02B0EA08 /* libPods-MobileCoder.a in Frameworks */ = {isa = PBXBuildFile; fileRef = 15047D766F0568661125C75A /* libPods-MobileCoder.a */; };
		81AB9BB82411601600AC10FF /* LaunchScreen.storyboard in Resources */ = {isa = PBXBuildFile; fileRef = 81AB9BB72411601600AC10FF /* LaunchScreen.storyboard */; };
		F1D28C29A74340C123397BE1 /* libPods-MobileCoder-tvOSTests.a in Frameworks */ = {isa = PBXBuildFile; fileRef = 67FBF754A539E130AD2F8C52 /* libPods-MobileCoder-tvOSTests.a */; };
		FA0347CC56137E3CB4EA4CB1 /* libPods-MobileCoder-MobileCoderTests.a in Frameworks */ = {isa = PBXBuildFile; fileRef = EEDBE4ACD6426849B59453EC /* libPods-MobileCoder-MobileCoderTests.a */; };
/* End PBXBuildFile section */

/* Begin PBXContainerItemProxy section */
		00E356F41AD99517003FC87E /* PBXContainerItemProxy */ = {
			isa = PBXContainerItemProxy;
			containerPortal = 83CBB9F71A601CBA00E9B192 /* Project object */;
			proxyType = 1;
			remoteGlobalIDString = 13B07F861A680F5B00A75B9A;
			remoteInfo = MobileCoder;
		};
		2D02E4911E0B4A5D006451C7 /* PBXContainerItemProxy */ = {
			isa = PBXContainerItemProxy;
			containerPortal = 83CBB9F71A601CBA00E9B192 /* Project object */;
			proxyType = 1;
			remoteGlobalIDString = 2D02E47A1E0B4A5D006451C7;
			remoteInfo = "MobileCoder-tvOS";
		};
/* End PBXContainerItemProxy section */

/* Begin PBXFileReference section */
		008F07F21AC5B25A0029DE68 /* main.jsbundle */ = {isa = PBXFileReference; fileEncoding = 4; lastKnownFileType = text; path = main.jsbundle; sourceTree = "<group>"; };
		00E356EE1AD99517003FC87E /* MobileCoderTests.xctest */ = {isa = PBXFileReference; explicitFileType = wrapper.cfbundle; includeInIndex = 0; path = MobileCoderTests.xctest; sourceTree = BUILT_PRODUCTS_DIR; };
		00E356F11AD99517003FC87E /* Info.plist */ = {isa = PBXFileReference; lastKnownFileType = text.plist.xml; path = Info.plist; sourceTree = "<group>"; };
		00E356F21AD99517003FC87E /* MobileCoderTests.m */ = {isa = PBXFileReference; lastKnownFileType = sourcecode.c.objc; path = MobileCoderTests.m; sourceTree = "<group>"; };
		049363CFEFC64FFABC7F8541 /* MaterialIcons.ttf */ = {isa = PBXFileReference; explicitFileType = undefined; fileEncoding = 9; includeInIndex = 0; lastKnownFileType = unknown; name = MaterialIcons.ttf; path = "../node_modules/native-base/Fonts/MaterialIcons.ttf"; sourceTree = "<group>"; };
		116254E16034FAAEF2DEDBC8 /* Pods-MobileCoder-MobileCoderTests.release.xcconfig */ = {isa = PBXFileReference; includeInIndex = 1; lastKnownFileType = text.xcconfig; name = "Pods-MobileCoder-MobileCoderTests.release.xcconfig"; path = "Target Support Files/Pods-MobileCoder-MobileCoderTests/Pods-MobileCoder-MobileCoderTests.release.xcconfig"; sourceTree = "<group>"; };
		13B07F961A680F5B00A75B9A /* MobileCoder.app */ = {isa = PBXFileReference; explicitFileType = wrapper.application; includeInIndex = 0; path = MobileCoder.app; sourceTree = BUILT_PRODUCTS_DIR; };
		13B07FAF1A68108700A75B9A /* AppDelegate.h */ = {isa = PBXFileReference; fileEncoding = 4; lastKnownFileType = sourcecode.c.h; name = AppDelegate.h; path = MobileCoder/AppDelegate.h; sourceTree = "<group>"; };
		13B07FB01A68108700A75B9A /* AppDelegate.m */ = {isa = PBXFileReference; fileEncoding = 4; lastKnownFileType = sourcecode.c.objc; name = AppDelegate.m; path = MobileCoder/AppDelegate.m; sourceTree = "<group>"; };
		13B07FB51A68108700A75B9A /* Images.xcassets */ = {isa = PBXFileReference; lastKnownFileType = folder.assetcatalog; name = Images.xcassets; path = MobileCoder/Images.xcassets; sourceTree = "<group>"; };
		13B07FB61A68108700A75B9A /* Info.plist */ = {isa = PBXFileReference; fileEncoding = 4; lastKnownFileType = text.plist.xml; name = Info.plist; path = MobileCoder/Info.plist; sourceTree = "<group>"; };
		13B07FB71A68108700A75B9A /* main.m */ = {isa = PBXFileReference; fileEncoding = 4; lastKnownFileType = sourcecode.c.objc; name = main.m; path = MobileCoder/main.m; sourceTree = "<group>"; };
		142FF54BB0014205B64C44EC /* Feather.ttf */ = {isa = PBXFileReference; explicitFileType = undefined; fileEncoding = 9; includeInIndex = 0; lastKnownFileType = unknown; name = Feather.ttf; path = "../node_modules/native-base/Fonts/Feather.ttf"; sourceTree = "<group>"; };
		15047D766F0568661125C75A /* libPods-MobileCoder.a */ = {isa = PBXFileReference; explicitFileType = archive.ar; includeInIndex = 0; path = "libPods-MobileCoder.a"; sourceTree = BUILT_PRODUCTS_DIR; };
		1668C02C11D84EC494F186C2 /* EvilIcons.ttf */ = {isa = PBXFileReference; explicitFileType = undefined; fileEncoding = 9; includeInIndex = 0; lastKnownFileType = unknown; name = EvilIcons.ttf; path = "../node_modules/native-base/Fonts/EvilIcons.ttf"; sourceTree = "<group>"; };
		1721A08008B240E490E508A4 /* FontAwesome5_Brands.ttf */ = {isa = PBXFileReference; explicitFileType = undefined; fileEncoding = 9; includeInIndex = 0; lastKnownFileType = unknown; name = FontAwesome5_Brands.ttf; path = "../node_modules/native-base/Fonts/FontAwesome5_Brands.ttf"; sourceTree = "<group>"; };
		1B8FF16BCF44F962B681D087 /* Pods-MobileCoder.release.xcconfig */ = {isa = PBXFileReference; includeInIndex = 1; lastKnownFileType = text.xcconfig; name = "Pods-MobileCoder.release.xcconfig"; path = "Target Support Files/Pods-MobileCoder/Pods-MobileCoder.release.xcconfig"; sourceTree = "<group>"; };
		29A0CB087C4FF49E4538CB01 /* Pods-MobileCoder-tvOS.debug.xcconfig */ = {isa = PBXFileReference; includeInIndex = 1; lastKnownFileType = text.xcconfig; name = "Pods-MobileCoder-tvOS.debug.xcconfig"; path = "Target Support Files/Pods-MobileCoder-tvOS/Pods-MobileCoder-tvOS.debug.xcconfig"; sourceTree = "<group>"; };
		2D02E47B1E0B4A5D006451C7 /* MobileCoder-tvOS.app */ = {isa = PBXFileReference; explicitFileType = wrapper.application; includeInIndex = 0; path = "MobileCoder-tvOS.app"; sourceTree = BUILT_PRODUCTS_DIR; };
		2D02E4901E0B4A5D006451C7 /* MobileCoder-tvOSTests.xctest */ = {isa = PBXFileReference; explicitFileType = wrapper.cfbundle; includeInIndex = 0; path = "MobileCoder-tvOSTests.xctest"; sourceTree = BUILT_PRODUCTS_DIR; };
		367C1E6DD35646F2881FC311 /* SimpleLineIcons.ttf */ = {isa = PBXFileReference; explicitFileType = undefined; fileEncoding = 9; includeInIndex = 0; lastKnownFileType = unknown; name = SimpleLineIcons.ttf; path = "../node_modules/native-base/Fonts/SimpleLineIcons.ttf"; sourceTree = "<group>"; };
		3B7EA3F148C64C4BA8BEF663 /* MaterialCommunityIcons.ttf */ = {isa = PBXFileReference; explicitFileType = undefined; fileEncoding = 9; includeInIndex = 0; lastKnownFileType = unknown; name = MaterialCommunityIcons.ttf; path = "../node_modules/native-base/Fonts/MaterialCommunityIcons.ttf"; sourceTree = "<group>"; };
		42D8D2249AF14B908500072F /* AntDesign.ttf */ = {isa = PBXFileReference; explicitFileType = undefined; fileEncoding = 9; includeInIndex = 0; lastKnownFileType = unknown; name = AntDesign.ttf; path = "../node_modules/native-base/Fonts/AntDesign.ttf"; sourceTree = "<group>"; };
		4F876D7935C9441EBE06F1A0 /* Ionicons.ttf */ = {isa = PBXFileReference; explicitFileType = undefined; fileEncoding = 9; includeInIndex = 0; lastKnownFileType = unknown; name = Ionicons.ttf; path = "../node_modules/native-base/Fonts/Ionicons.ttf"; sourceTree = "<group>"; };
		55FA65D79CF94AB990C1555F /* FontAwesome5_Solid.ttf */ = {isa = PBXFileReference; explicitFileType = undefined; fileEncoding = 9; includeInIndex = 0; lastKnownFileType = unknown; name = FontAwesome5_Solid.ttf; path = "../node_modules/native-base/Fonts/FontAwesome5_Solid.ttf"; sourceTree = "<group>"; };
		6008A1A381314DB58956FC1E /* Fontisto.ttf */ = {isa = PBXFileReference; explicitFileType = undefined; fileEncoding = 9; includeInIndex = 0; lastKnownFileType = unknown; name = Fontisto.ttf; path = "../node_modules/native-base/Fonts/Fontisto.ttf"; sourceTree = "<group>"; };
		612F45FF36C74A76BB8ABFB6 /* rubicon-icon-font.ttf */ = {isa = PBXFileReference; explicitFileType = undefined; fileEncoding = 9; includeInIndex = 0; lastKnownFileType = unknown; name = "rubicon-icon-font.ttf"; path = "../node_modules/native-base/Fonts/rubicon-icon-font.ttf"; sourceTree = "<group>"; };
		67FBF754A539E130AD2F8C52 /* libPods-MobileCoder-tvOSTests.a */ = {isa = PBXFileReference; explicitFileType = archive.ar; includeInIndex = 0; path = "libPods-MobileCoder-tvOSTests.a"; sourceTree = BUILT_PRODUCTS_DIR; };
		7668FD709FCC4EE39C70930F /* Octicons.ttf */ = {isa = PBXFileReference; explicitFileType = undefined; fileEncoding = 9; includeInIndex = 0; lastKnownFileType = unknown; name = Octicons.ttf; path = "../node_modules/native-base/Fonts/Octicons.ttf"; sourceTree = "<group>"; };
		7AEB15E9664F48B7AD0EBA91 /* FontAwesome.ttf */ = {isa = PBXFileReference; explicitFileType = undefined; fileEncoding = 9; includeInIndex = 0; lastKnownFileType = unknown; name = FontAwesome.ttf; path = "../node_modules/native-base/Fonts/FontAwesome.ttf"; sourceTree = "<group>"; };
		7EB02BB948978E16D3E87B39 /* Pods-MobileCoder-tvOSTests.release.xcconfig */ = {isa = PBXFileReference; includeInIndex = 1; lastKnownFileType = text.xcconfig; name = "Pods-MobileCoder-tvOSTests.release.xcconfig"; path = "Target Support Files/Pods-MobileCoder-tvOSTests/Pods-MobileCoder-tvOSTests.release.xcconfig"; sourceTree = "<group>"; };
		80739D17D1264AA9AB50CEE1 /* Foundation.ttf */ = {isa = PBXFileReference; explicitFileType = undefined; fileEncoding = 9; includeInIndex = 0; lastKnownFileType = unknown; name = Foundation.ttf; path = "../node_modules/native-base/Fonts/Foundation.ttf"; sourceTree = "<group>"; };
		81AB9BB72411601600AC10FF /* LaunchScreen.storyboard */ = {isa = PBXFileReference; fileEncoding = 4; lastKnownFileType = file.storyboard; name = LaunchScreen.storyboard; path = MobileCoder/LaunchScreen.storyboard; sourceTree = "<group>"; };
		879AB46188834A7584B891B1 /* FontAwesome5_Regular.ttf */ = {isa = PBXFileReference; explicitFileType = undefined; fileEncoding = 9; includeInIndex = 0; lastKnownFileType = unknown; name = FontAwesome5_Regular.ttf; path = "../node_modules/native-base/Fonts/FontAwesome5_Regular.ttf"; sourceTree = "<group>"; };
		8EB15FADD4AE48D59A021F5F /* Entypo.ttf */ = {isa = PBXFileReference; explicitFileType = undefined; fileEncoding = 9; includeInIndex = 0; lastKnownFileType = unknown; name = Entypo.ttf; path = "../node_modules/native-base/Fonts/Entypo.ttf"; sourceTree = "<group>"; };
		BFB21AB0C46F734F446F4E6D /* Pods-MobileCoder.debug.xcconfig */ = {isa = PBXFileReference; includeInIndex = 1; lastKnownFileType = text.xcconfig; name = "Pods-MobileCoder.debug.xcconfig"; path = "Target Support Files/Pods-MobileCoder/Pods-MobileCoder.debug.xcconfig"; sourceTree = "<group>"; };
		C1E85D487E96916A339FE467 /* Pods-MobileCoder-tvOSTests.debug.xcconfig */ = {isa = PBXFileReference; includeInIndex = 1; lastKnownFileType = text.xcconfig; name = "Pods-MobileCoder-tvOSTests.debug.xcconfig"; path = "Target Support Files/Pods-MobileCoder-tvOSTests/Pods-MobileCoder-tvOSTests.debug.xcconfig"; sourceTree = "<group>"; };
		D6ED196B122D41039BE5B4EE /* Zocial.ttf */ = {isa = PBXFileReference; explicitFileType = undefined; fileEncoding = 9; includeInIndex = 0; lastKnownFileType = unknown; name = Zocial.ttf; path = "../node_modules/native-base/Fonts/Zocial.ttf"; sourceTree = "<group>"; };
		D92C81EAE45670B4C102905A /* Pods-MobileCoder-tvOS.release.xcconfig */ = {isa = PBXFileReference; includeInIndex = 1; lastKnownFileType = text.xcconfig; name = "Pods-MobileCoder-tvOS.release.xcconfig"; path = "Target Support Files/Pods-MobileCoder-tvOS/Pods-MobileCoder-tvOS.release.xcconfig"; sourceTree = "<group>"; };
		EACA2D16A08A4C97B0AA6C8F /* Roboto.ttf */ = {isa = PBXFileReference; explicitFileType = undefined; fileEncoding = 9; includeInIndex = 0; lastKnownFileType = unknown; name = Roboto.ttf; path = "../node_modules/native-base/Fonts/Roboto.ttf"; sourceTree = "<group>"; };
		ED297162215061F000B7C4FE /* JavaScriptCore.framework */ = {isa = PBXFileReference; lastKnownFileType = wrapper.framework; name = JavaScriptCore.framework; path = System/Library/Frameworks/JavaScriptCore.framework; sourceTree = SDKROOT; };
		ED2971642150620600B7C4FE /* JavaScriptCore.framework */ = {isa = PBXFileReference; lastKnownFileType = wrapper.framework; name = JavaScriptCore.framework; path = Platforms/AppleTVOS.platform/Developer/SDKs/AppleTVOS12.0.sdk/System/Library/Frameworks/JavaScriptCore.framework; sourceTree = DEVELOPER_DIR; };
		EE9EC7F61593EB63C98B35D5 /* Pods-MobileCoder-MobileCoderTests.debug.xcconfig */ = {isa = PBXFileReference; includeInIndex = 1; lastKnownFileType = text.xcconfig; name = "Pods-MobileCoder-MobileCoderTests.debug.xcconfig"; path = "Target Support Files/Pods-MobileCoder-MobileCoderTests/Pods-MobileCoder-MobileCoderTests.debug.xcconfig"; sourceTree = "<group>"; };
		EEDBE4ACD6426849B59453EC /* libPods-MobileCoder-MobileCoderTests.a */ = {isa = PBXFileReference; explicitFileType = archive.ar; includeInIndex = 0; path = "libPods-MobileCoder-MobileCoderTests.a"; sourceTree = BUILT_PRODUCTS_DIR; };
		F4842275FD9244559A426D3A /* libPods-MobileCoder-tvOS.a */ = {isa = PBXFileReference; explicitFileType = archive.ar; includeInIndex = 0; path = "libPods-MobileCoder-tvOS.a"; sourceTree = BUILT_PRODUCTS_DIR; };
		FC41A9BB897C4A79BA15F9CB /* Roboto_medium.ttf */ = {isa = PBXFileReference; explicitFileType = undefined; fileEncoding = 9; includeInIndex = 0; lastKnownFileType = unknown; name = Roboto_medium.ttf; path = "../node_modules/native-base/Fonts/Roboto_medium.ttf"; sourceTree = "<group>"; };
/* End PBXFileReference section */

/* Begin PBXFrameworksBuildPhase section */
		00E356EB1AD99517003FC87E /* Frameworks */ = {
			isa = PBXFrameworksBuildPhase;
			buildActionMask = 2147483647;
			files = (
				FA0347CC56137E3CB4EA4CB1 /* libPods-MobileCoder-MobileCoderTests.a in Frameworks */,
			);
			runOnlyForDeploymentPostprocessing = 0;
		};
		13B07F8C1A680F5B00A75B9A /* Frameworks */ = {
			isa = PBXFrameworksBuildPhase;
			buildActionMask = 2147483647;
			files = (
				76816FC13E4917EA02B0EA08 /* libPods-MobileCoder.a in Frameworks */,
			);
			runOnlyForDeploymentPostprocessing = 0;
		};
		2D02E4781E0B4A5D006451C7 /* Frameworks */ = {
			isa = PBXFrameworksBuildPhase;
			buildActionMask = 2147483647;
			files = (
				62FB3597904281B3A8965EE9 /* libPods-MobileCoder-tvOS.a in Frameworks */,
			);
			runOnlyForDeploymentPostprocessing = 0;
		};
		2D02E48D1E0B4A5D006451C7 /* Frameworks */ = {
			isa = PBXFrameworksBuildPhase;
			buildActionMask = 2147483647;
			files = (
				F1D28C29A74340C123397BE1 /* libPods-MobileCoder-tvOSTests.a in Frameworks */,
			);
			runOnlyForDeploymentPostprocessing = 0;
		};
/* End PBXFrameworksBuildPhase section */

/* Begin PBXGroup section */
		00E356EF1AD99517003FC87E /* MobileCoderTests */ = {
			isa = PBXGroup;
			children = (
				00E356F21AD99517003FC87E /* MobileCoderTests.m */,
				00E356F01AD99517003FC87E /* Supporting Files */,
			);
			path = MobileCoderTests;
			sourceTree = "<group>";
		};
		00E356F01AD99517003FC87E /* Supporting Files */ = {
			isa = PBXGroup;
			children = (
				00E356F11AD99517003FC87E /* Info.plist */,
			);
			name = "Supporting Files";
			sourceTree = "<group>";
		};
		13B07FAE1A68108700A75B9A /* MobileCoder */ = {
			isa = PBXGroup;
			children = (
				008F07F21AC5B25A0029DE68 /* main.jsbundle */,
				13B07FAF1A68108700A75B9A /* AppDelegate.h */,
				13B07FB01A68108700A75B9A /* AppDelegate.m */,
				13B07FB51A68108700A75B9A /* Images.xcassets */,
				13B07FB61A68108700A75B9A /* Info.plist */,
				81AB9BB72411601600AC10FF /* LaunchScreen.storyboard */,
				13B07FB71A68108700A75B9A /* main.m */,
			);
			name = MobileCoder;
			sourceTree = "<group>";
		};
		2D16E6871FA4F8E400B85C8A /* Frameworks */ = {
			isa = PBXGroup;
			children = (
				ED297162215061F000B7C4FE /* JavaScriptCore.framework */,
				ED2971642150620600B7C4FE /* JavaScriptCore.framework */,
				15047D766F0568661125C75A /* libPods-MobileCoder.a */,
				EEDBE4ACD6426849B59453EC /* libPods-MobileCoder-MobileCoderTests.a */,
				F4842275FD9244559A426D3A /* libPods-MobileCoder-tvOS.a */,
				67FBF754A539E130AD2F8C52 /* libPods-MobileCoder-tvOSTests.a */,
			);
			name = Frameworks;
			sourceTree = "<group>";
		};
		3BB4FC273BEF4623AB08A4DD /* Resources */ = {
			isa = PBXGroup;
			children = (
				42D8D2249AF14B908500072F /* AntDesign.ttf */,
				8EB15FADD4AE48D59A021F5F /* Entypo.ttf */,
				1668C02C11D84EC494F186C2 /* EvilIcons.ttf */,
				142FF54BB0014205B64C44EC /* Feather.ttf */,
				7AEB15E9664F48B7AD0EBA91 /* FontAwesome.ttf */,
				1721A08008B240E490E508A4 /* FontAwesome5_Brands.ttf */,
				879AB46188834A7584B891B1 /* FontAwesome5_Regular.ttf */,
				55FA65D79CF94AB990C1555F /* FontAwesome5_Solid.ttf */,
				6008A1A381314DB58956FC1E /* Fontisto.ttf */,
				80739D17D1264AA9AB50CEE1 /* Foundation.ttf */,
				4F876D7935C9441EBE06F1A0 /* Ionicons.ttf */,
				3B7EA3F148C64C4BA8BEF663 /* MaterialCommunityIcons.ttf */,
				049363CFEFC64FFABC7F8541 /* MaterialIcons.ttf */,
				7668FD709FCC4EE39C70930F /* Octicons.ttf */,
				FC41A9BB897C4A79BA15F9CB /* Roboto_medium.ttf */,
				EACA2D16A08A4C97B0AA6C8F /* Roboto.ttf */,
				612F45FF36C74A76BB8ABFB6 /* rubicon-icon-font.ttf */,
				367C1E6DD35646F2881FC311 /* SimpleLineIcons.ttf */,
				D6ED196B122D41039BE5B4EE /* Zocial.ttf */,
			);
			name = Resources;
			sourceTree = "<group>";
		};
		832341AE1AAA6A7D00B99B32 /* Libraries */ = {
			isa = PBXGroup;
			children = (
			);
			name = Libraries;
			sourceTree = "<group>";
		};
		83CBB9F61A601CBA00E9B192 = {
			isa = PBXGroup;
			children = (
				13B07FAE1A68108700A75B9A /* MobileCoder */,
				832341AE1AAA6A7D00B99B32 /* Libraries */,
				00E356EF1AD99517003FC87E /* MobileCoderTests */,
				83CBBA001A601CBA00E9B192 /* Products */,
				2D16E6871FA4F8E400B85C8A /* Frameworks */,
				F09E55D18595388D777D3131 /* Pods */,
				3BB4FC273BEF4623AB08A4DD /* Resources */,
			);
			indentWidth = 2;
			sourceTree = "<group>";
			tabWidth = 2;
			usesTabs = 0;
		};
		83CBBA001A601CBA00E9B192 /* Products */ = {
			isa = PBXGroup;
			children = (
				13B07F961A680F5B00A75B9A /* MobileCoder.app */,
				00E356EE1AD99517003FC87E /* MobileCoderTests.xctest */,
				2D02E47B1E0B4A5D006451C7 /* MobileCoder-tvOS.app */,
				2D02E4901E0B4A5D006451C7 /* MobileCoder-tvOSTests.xctest */,
			);
			name = Products;
			sourceTree = "<group>";
		};
		F09E55D18595388D777D3131 /* Pods */ = {
			isa = PBXGroup;
			children = (
				BFB21AB0C46F734F446F4E6D /* Pods-MobileCoder.debug.xcconfig */,
				1B8FF16BCF44F962B681D087 /* Pods-MobileCoder.release.xcconfig */,
				EE9EC7F61593EB63C98B35D5 /* Pods-MobileCoder-MobileCoderTests.debug.xcconfig */,
				116254E16034FAAEF2DEDBC8 /* Pods-MobileCoder-MobileCoderTests.release.xcconfig */,
				29A0CB087C4FF49E4538CB01 /* Pods-MobileCoder-tvOS.debug.xcconfig */,
				D92C81EAE45670B4C102905A /* Pods-MobileCoder-tvOS.release.xcconfig */,
				C1E85D487E96916A339FE467 /* Pods-MobileCoder-tvOSTests.debug.xcconfig */,
				7EB02BB948978E16D3E87B39 /* Pods-MobileCoder-tvOSTests.release.xcconfig */,
			);
			path = Pods;
			sourceTree = "<group>";
		};
/* End PBXGroup section */

/* Begin PBXNativeTarget section */
		00E356ED1AD99517003FC87E /* MobileCoderTests */ = {
			isa = PBXNativeTarget;
			buildConfigurationList = 00E357021AD99517003FC87E /* Build configuration list for PBXNativeTarget "MobileCoderTests" */;
			buildPhases = (
				0D3E1B94DB9D050DF7AC7A74 /* [CP] Check Pods Manifest.lock */,
				00E356EA1AD99517003FC87E /* Sources */,
				00E356EB1AD99517003FC87E /* Frameworks */,
				00E356EC1AD99517003FC87E /* Resources */,
				384D9EE2D9AB8AA80AF7CE43 /* [CP] Copy Pods Resources */,
			);
			buildRules = (
			);
			dependencies = (
				00E356F51AD99517003FC87E /* PBXTargetDependency */,
			);
			name = MobileCoderTests;
			productName = MobileCoderTests;
			productReference = 00E356EE1AD99517003FC87E /* MobileCoderTests.xctest */;
			productType = "com.apple.product-type.bundle.unit-test";
		};
		13B07F861A680F5B00A75B9A /* MobileCoder */ = {
			isa = PBXNativeTarget;
			buildConfigurationList = 13B07F931A680F5B00A75B9A /* Build configuration list for PBXNativeTarget "MobileCoder" */;
			buildPhases = (
				674CF805DB9122E0552D83A5 /* [CP] Check Pods Manifest.lock */,
				FD10A7F022414F080027D42C /* Start Packager */,
				13B07F871A680F5B00A75B9A /* Sources */,
				13B07F8C1A680F5B00A75B9A /* Frameworks */,
				13B07F8E1A680F5B00A75B9A /* Resources */,
				00DD1BFF1BD5951E006B06BC /* Bundle React Native code and images */,
				8DDC657A1DC96DEC77FEDFAB /* [CP] Copy Pods Resources */,
			);
			buildRules = (
			);
			dependencies = (
			);
			name = MobileCoder;
			productName = MobileCoder;
			productReference = 13B07F961A680F5B00A75B9A /* MobileCoder.app */;
			productType = "com.apple.product-type.application";
		};
		2D02E47A1E0B4A5D006451C7 /* MobileCoder-tvOS */ = {
			isa = PBXNativeTarget;
			buildConfigurationList = 2D02E4BA1E0B4A5E006451C7 /* Build configuration list for PBXNativeTarget "MobileCoder-tvOS" */;
			buildPhases = (
				F4F72DA045512418B3F5243E /* [CP] Check Pods Manifest.lock */,
				FD10A7F122414F3F0027D42C /* Start Packager */,
				2D02E4771E0B4A5D006451C7 /* Sources */,
				2D02E4781E0B4A5D006451C7 /* Frameworks */,
				2D02E4791E0B4A5D006451C7 /* Resources */,
				2D02E4CB1E0B4B27006451C7 /* Bundle React Native Code And Images */,
			);
			buildRules = (
			);
			dependencies = (
			);
			name = "MobileCoder-tvOS";
			productName = "MobileCoder-tvOS";
			productReference = 2D02E47B1E0B4A5D006451C7 /* MobileCoder-tvOS.app */;
			productType = "com.apple.product-type.application";
		};
		2D02E48F1E0B4A5D006451C7 /* MobileCoder-tvOSTests */ = {
			isa = PBXNativeTarget;
			buildConfigurationList = 2D02E4BB1E0B4A5E006451C7 /* Build configuration list for PBXNativeTarget "MobileCoder-tvOSTests" */;
			buildPhases = (
				EBA0A78E9AAB86C59D3B89B2 /* [CP] Check Pods Manifest.lock */,
				2D02E48C1E0B4A5D006451C7 /* Sources */,
				2D02E48D1E0B4A5D006451C7 /* Frameworks */,
				2D02E48E1E0B4A5D006451C7 /* Resources */,
			);
			buildRules = (
			);
			dependencies = (
				2D02E4921E0B4A5D006451C7 /* PBXTargetDependency */,
			);
			name = "MobileCoder-tvOSTests";
			productName = "MobileCoder-tvOSTests";
			productReference = 2D02E4901E0B4A5D006451C7 /* MobileCoder-tvOSTests.xctest */;
			productType = "com.apple.product-type.bundle.unit-test";
		};
/* End PBXNativeTarget section */

/* Begin PBXProject section */
		83CBB9F71A601CBA00E9B192 /* Project object */ = {
			isa = PBXProject;
			attributes = {
				LastUpgradeCheck = 1130;
				TargetAttributes = {
					00E356ED1AD99517003FC87E = {
						CreatedOnToolsVersion = 6.2;
						TestTargetID = 13B07F861A680F5B00A75B9A;
					};
					13B07F861A680F5B00A75B9A = {
						DevelopmentTeam = A8AAB759SX;
						LastSwiftMigration = 1120;
					};
					2D02E47A1E0B4A5D006451C7 = {
						CreatedOnToolsVersion = 8.2.1;
						ProvisioningStyle = Automatic;
					};
					2D02E48F1E0B4A5D006451C7 = {
						CreatedOnToolsVersion = 8.2.1;
						ProvisioningStyle = Automatic;
						TestTargetID = 2D02E47A1E0B4A5D006451C7;
					};
				};
			};
			buildConfigurationList = 83CBB9FA1A601CBA00E9B192 /* Build configuration list for PBXProject "MobileCoder" */;
			compatibilityVersion = "Xcode 3.2";
			developmentRegion = en;
			hasScannedForEncodings = 0;
			knownRegions = (
				en,
				Base,
			);
			mainGroup = 83CBB9F61A601CBA00E9B192;
			productRefGroup = 83CBBA001A601CBA00E9B192 /* Products */;
			projectDirPath = "";
			projectRoot = "";
			targets = (
				13B07F861A680F5B00A75B9A /* MobileCoder */,
				00E356ED1AD99517003FC87E /* MobileCoderTests */,
				2D02E47A1E0B4A5D006451C7 /* MobileCoder-tvOS */,
				2D02E48F1E0B4A5D006451C7 /* MobileCoder-tvOSTests */,
			);
		};
/* End PBXProject section */

/* Begin PBXResourcesBuildPhase section */
		00E356EC1AD99517003FC87E /* Resources */ = {
			isa = PBXResourcesBuildPhase;
			buildActionMask = 2147483647;
			files = (
			);
			runOnlyForDeploymentPostprocessing = 0;
		};
		13B07F8E1A680F5B00A75B9A /* Resources */ = {
			isa = PBXResourcesBuildPhase;
			buildActionMask = 2147483647;
			files = (
				81AB9BB82411601600AC10FF /* LaunchScreen.storyboard in Resources */,
				13B07FBF1A68108700A75B9A /* Images.xcassets in Resources */,
			);
			runOnlyForDeploymentPostprocessing = 0;
		};
		2D02E4791E0B4A5D006451C7 /* Resources */ = {
			isa = PBXResourcesBuildPhase;
			buildActionMask = 2147483647;
			files = (
				2D02E4BD1E0B4A84006451C7 /* Images.xcassets in Resources */,
			);
			runOnlyForDeploymentPostprocessing = 0;
		};
		2D02E48E1E0B4A5D006451C7 /* Resources */ = {
			isa = PBXResourcesBuildPhase;
			buildActionMask = 2147483647;
			files = (
			);
			runOnlyForDeploymentPostprocessing = 0;
		};
/* End PBXResourcesBuildPhase section */

/* Begin PBXShellScriptBuildPhase section */
		00DD1BFF1BD5951E006B06BC /* Bundle React Native code and images */ = {
			isa = PBXShellScriptBuildPhase;
			buildActionMask = 2147483647;
			files = (
			);
			inputPaths = (
			);
			name = "Bundle React Native code and images";
			outputPaths = (
			);
			runOnlyForDeploymentPostprocessing = 0;
			shellPath = /bin/sh;
			shellScript = "export NODE_BINARY=node\n../node_modules/react-native/scripts/react-native-xcode.sh\n";
		};
		0D3E1B94DB9D050DF7AC7A74 /* [CP] Check Pods Manifest.lock */ = {
			isa = PBXShellScriptBuildPhase;
			buildActionMask = 2147483647;
			files = (
			);
			inputFileListPaths = (
			);
			inputPaths = (
				"${PODS_PODFILE_DIR_PATH}/Podfile.lock",
				"${PODS_ROOT}/Manifest.lock",
			);
			name = "[CP] Check Pods Manifest.lock";
			outputFileListPaths = (
			);
			outputPaths = (
				"$(DERIVED_FILE_DIR)/Pods-MobileCoder-MobileCoderTests-checkManifestLockResult.txt",
			);
			runOnlyForDeploymentPostprocessing = 0;
			shellPath = /bin/sh;
			shellScript = "diff \"${PODS_PODFILE_DIR_PATH}/Podfile.lock\" \"${PODS_ROOT}/Manifest.lock\" > /dev/null\nif [ $? != 0 ] ; then\n    # print error to STDERR\n    echo \"error: The sandbox is not in sync with the Podfile.lock. Run 'pod install' or update your CocoaPods installation.\" >&2\n    exit 1\nfi\n# This output is used by Xcode 'outputs' to avoid re-running this script phase.\necho \"SUCCESS\" > \"${SCRIPT_OUTPUT_FILE_0}\"\n";
			showEnvVarsInLog = 0;
		};
		2D02E4CB1E0B4B27006451C7 /* Bundle React Native Code And Images */ = {
			isa = PBXShellScriptBuildPhase;
			buildActionMask = 2147483647;
			files = (
			);
			inputPaths = (
			);
			name = "Bundle React Native Code And Images";
			outputPaths = (
			);
			runOnlyForDeploymentPostprocessing = 0;
			shellPath = /bin/sh;
			shellScript = "export NODE_BINARY=node\n../node_modules/react-native/scripts/react-native-xcode.sh";
		};
		384D9EE2D9AB8AA80AF7CE43 /* [CP] Copy Pods Resources */ = {
			isa = PBXShellScriptBuildPhase;
			buildActionMask = 2147483647;
			files = (
			);
			inputPaths = (
				"${PODS_ROOT}/Target Support Files/Pods-MobileCoder-MobileCoderTests/Pods-MobileCoder-MobileCoderTests-resources.sh",
				"${PODS_ROOT}/Highlightr/Pod/Assets/Highlighter/highlight.min.js",
				"${PODS_ROOT}/Highlightr/Pod/Assets/styles/a11y-dark.min.css",
				"${PODS_ROOT}/Highlightr/Pod/Assets/styles/a11y-light.min.css",
				"${PODS_ROOT}/Highlightr/Pod/Assets/styles/agate.min.css",
				"${PODS_ROOT}/Highlightr/Pod/Assets/styles/an-old-hope.min.css",
				"${PODS_ROOT}/Highlightr/Pod/Assets/styles/androidstudio.min.css",
				"${PODS_ROOT}/Highlightr/Pod/Assets/styles/arduino-light.min.css",
				"${PODS_ROOT}/Highlightr/Pod/Assets/styles/arta.min.css",
				"${PODS_ROOT}/Highlightr/Pod/Assets/styles/ascetic.min.css",
				"${PODS_ROOT}/Highlightr/Pod/Assets/styles/atelier-cave-dark.min.css",
				"${PODS_ROOT}/Highlightr/Pod/Assets/styles/atelier-cave-light.min.css",
				"${PODS_ROOT}/Highlightr/Pod/Assets/styles/atelier-dune-dark.min.css",
				"${PODS_ROOT}/Highlightr/Pod/Assets/styles/atelier-dune-light.min.css",
				"${PODS_ROOT}/Highlightr/Pod/Assets/styles/atelier-estuary-dark.min.css",
				"${PODS_ROOT}/Highlightr/Pod/Assets/styles/atelier-estuary-light.min.css",
				"${PODS_ROOT}/Highlightr/Pod/Assets/styles/atelier-forest-dark.min.css",
				"${PODS_ROOT}/Highlightr/Pod/Assets/styles/atelier-forest-light.min.css",
				"${PODS_ROOT}/Highlightr/Pod/Assets/styles/atelier-heath-dark.min.css",
				"${PODS_ROOT}/Highlightr/Pod/Assets/styles/atelier-heath-light.min.css",
				"${PODS_ROOT}/Highlightr/Pod/Assets/styles/atelier-lakeside-dark.min.css",
				"${PODS_ROOT}/Highlightr/Pod/Assets/styles/atelier-lakeside-light.min.css",
				"${PODS_ROOT}/Highlightr/Pod/Assets/styles/atelier-plateau-dark.min.css",
				"${PODS_ROOT}/Highlightr/Pod/Assets/styles/atelier-plateau-light.min.css",
				"${PODS_ROOT}/Highlightr/Pod/Assets/styles/atelier-savanna-dark.min.css",
				"${PODS_ROOT}/Highlightr/Pod/Assets/styles/atelier-savanna-light.min.css",
				"${PODS_ROOT}/Highlightr/Pod/Assets/styles/atelier-seaside-dark.min.css",
				"${PODS_ROOT}/Highlightr/Pod/Assets/styles/atelier-seaside-light.min.css",
				"${PODS_ROOT}/Highlightr/Pod/Assets/styles/atelier-sulphurpool-dark.min.css",
				"${PODS_ROOT}/Highlightr/Pod/Assets/styles/atelier-sulphurpool-light.min.css",
				"${PODS_ROOT}/Highlightr/Pod/Assets/styles/atom-one-dark-reasonable.min.css",
				"${PODS_ROOT}/Highlightr/Pod/Assets/styles/atom-one-dark.min.css",
				"${PODS_ROOT}/Highlightr/Pod/Assets/styles/atom-one-light.min.css",
				"${PODS_ROOT}/Highlightr/Pod/Assets/styles/brown-paper.min.css",
				"${PODS_ROOT}/Highlightr/Pod/Assets/styles/codepen-embed.min.css",
				"${PODS_ROOT}/Highlightr/Pod/Assets/styles/color-brewer.min.css",
				"${PODS_ROOT}/Highlightr/Pod/Assets/styles/darcula.min.css",
				"${PODS_ROOT}/Highlightr/Pod/Assets/styles/dark.min.css",
				"${PODS_ROOT}/Highlightr/Pod/Assets/styles/darkula.min.css",
				"${PODS_ROOT}/Highlightr/Pod/Assets/styles/default.min.css",
				"${PODS_ROOT}/Highlightr/Pod/Assets/styles/docco.min.css",
				"${PODS_ROOT}/Highlightr/Pod/Assets/styles/dracula.min.css",
				"${PODS_ROOT}/Highlightr/Pod/Assets/styles/far.min.css",
				"${PODS_ROOT}/Highlightr/Pod/Assets/styles/foundation.min.css",
				"${PODS_ROOT}/Highlightr/Pod/Assets/styles/github-gist.min.css",
				"${PODS_ROOT}/Highlightr/Pod/Assets/styles/github.min.css",
				"${PODS_ROOT}/Highlightr/Pod/Assets/styles/gml.min.css",
				"${PODS_ROOT}/Highlightr/Pod/Assets/styles/googlecode.min.css",
				"${PODS_ROOT}/Highlightr/Pod/Assets/styles/grayscale.min.css",
				"${PODS_ROOT}/Highlightr/Pod/Assets/styles/gruvbox-dark.min.css",
				"${PODS_ROOT}/Highlightr/Pod/Assets/styles/gruvbox-light.min.css",
				"${PODS_ROOT}/Highlightr/Pod/Assets/styles/hopscotch.min.css",
				"${PODS_ROOT}/Highlightr/Pod/Assets/styles/hybrid.min.css",
				"${PODS_ROOT}/Highlightr/Pod/Assets/styles/idea.min.css",
				"${PODS_ROOT}/Highlightr/Pod/Assets/styles/ir-black.min.css",
				"${PODS_ROOT}/Highlightr/Pod/Assets/styles/isbl-editor-dark.min.css",
				"${PODS_ROOT}/Highlightr/Pod/Assets/styles/isbl-editor-light.min.css",
				"${PODS_ROOT}/Highlightr/Pod/Assets/styles/kimbie.dark.min.css",
				"${PODS_ROOT}/Highlightr/Pod/Assets/styles/kimbie.light.min.css",
				"${PODS_ROOT}/Highlightr/Pod/Assets/styles/lightfair.min.css",
				"${PODS_ROOT}/Highlightr/Pod/Assets/styles/magula.min.css",
				"${PODS_ROOT}/Highlightr/Pod/Assets/styles/mono-blue.min.css",
				"${PODS_ROOT}/Highlightr/Pod/Assets/styles/monokai-sublime.min.css",
				"${PODS_ROOT}/Highlightr/Pod/Assets/styles/monokai.min.css",
				"${PODS_ROOT}/Highlightr/Pod/Assets/styles/nord.min.css",
				"${PODS_ROOT}/Highlightr/Pod/Assets/styles/obsidian.min.css",
				"${PODS_ROOT}/Highlightr/Pod/Assets/styles/ocean.min.css",
				"${PODS_ROOT}/Highlightr/Pod/Assets/styles/paraiso-dark.min.css",
				"${PODS_ROOT}/Highlightr/Pod/Assets/styles/paraiso-light.min.css",
				"${PODS_ROOT}/Highlightr/Pod/Assets/styles/pojoaque.min.css",
				"${PODS_ROOT}/Highlightr/Pod/Assets/styles/purebasic.min.css",
				"${PODS_ROOT}/Highlightr/Pod/Assets/styles/qtcreator_dark.min.css",
				"${PODS_ROOT}/Highlightr/Pod/Assets/styles/qtcreator_light.min.css",
				"${PODS_ROOT}/Highlightr/Pod/Assets/styles/railscasts.min.css",
				"${PODS_ROOT}/Highlightr/Pod/Assets/styles/rainbow.min.css",
				"${PODS_ROOT}/Highlightr/Pod/Assets/styles/routeros.min.css",
				"${PODS_ROOT}/Highlightr/Pod/Assets/styles/school-book.min.css",
				"${PODS_ROOT}/Highlightr/Pod/Assets/styles/shades-of-purple.min.css",
				"${PODS_ROOT}/Highlightr/Pod/Assets/styles/solarized-dark.min.css",
				"${PODS_ROOT}/Highlightr/Pod/Assets/styles/solarized-light.min.css",
				"${PODS_ROOT}/Highlightr/Pod/Assets/styles/sunburst.min.css",
				"${PODS_ROOT}/Highlightr/Pod/Assets/styles/tomorrow-night-blue.min.css",
				"${PODS_ROOT}/Highlightr/Pod/Assets/styles/tomorrow-night-bright.min.css",
				"${PODS_ROOT}/Highlightr/Pod/Assets/styles/tomorrow-night-eighties.min.css",
				"${PODS_ROOT}/Highlightr/Pod/Assets/styles/tomorrow-night.min.css",
				"${PODS_ROOT}/Highlightr/Pod/Assets/styles/tomorrow.min.css",
				"${PODS_ROOT}/Highlightr/Pod/Assets/styles/vs.min.css",
				"${PODS_ROOT}/Highlightr/Pod/Assets/styles/vs2015.min.css",
				"${PODS_ROOT}/Highlightr/Pod/Assets/styles/xcode.min.css",
				"${PODS_ROOT}/Highlightr/Pod/Assets/styles/xt256.min.css",
				"${PODS_ROOT}/Highlightr/Pod/Assets/styles/zenburn.min.css",
				"${PODS_CONFIGURATION_BUILD_DIR}/React-Core/AccessibilityResources.bundle",
			);
			name = "[CP] Copy Pods Resources";
			outputPaths = (
				"${TARGET_BUILD_DIR}/${UNLOCALIZED_RESOURCES_FOLDER_PATH}/highlight.min.js",
				"${TARGET_BUILD_DIR}/${UNLOCALIZED_RESOURCES_FOLDER_PATH}/a11y-dark.min.css",
				"${TARGET_BUILD_DIR}/${UNLOCALIZED_RESOURCES_FOLDER_PATH}/a11y-light.min.css",
				"${TARGET_BUILD_DIR}/${UNLOCALIZED_RESOURCES_FOLDER_PATH}/agate.min.css",
				"${TARGET_BUILD_DIR}/${UNLOCALIZED_RESOURCES_FOLDER_PATH}/an-old-hope.min.css",
				"${TARGET_BUILD_DIR}/${UNLOCALIZED_RESOURCES_FOLDER_PATH}/androidstudio.min.css",
				"${TARGET_BUILD_DIR}/${UNLOCALIZED_RESOURCES_FOLDER_PATH}/arduino-light.min.css",
				"${TARGET_BUILD_DIR}/${UNLOCALIZED_RESOURCES_FOLDER_PATH}/arta.min.css",
				"${TARGET_BUILD_DIR}/${UNLOCALIZED_RESOURCES_FOLDER_PATH}/ascetic.min.css",
				"${TARGET_BUILD_DIR}/${UNLOCALIZED_RESOURCES_FOLDER_PATH}/atelier-cave-dark.min.css",
				"${TARGET_BUILD_DIR}/${UNLOCALIZED_RESOURCES_FOLDER_PATH}/atelier-cave-light.min.css",
				"${TARGET_BUILD_DIR}/${UNLOCALIZED_RESOURCES_FOLDER_PATH}/atelier-dune-dark.min.css",
				"${TARGET_BUILD_DIR}/${UNLOCALIZED_RESOURCES_FOLDER_PATH}/atelier-dune-light.min.css",
				"${TARGET_BUILD_DIR}/${UNLOCALIZED_RESOURCES_FOLDER_PATH}/atelier-estuary-dark.min.css",
				"${TARGET_BUILD_DIR}/${UNLOCALIZED_RESOURCES_FOLDER_PATH}/atelier-estuary-light.min.css",
				"${TARGET_BUILD_DIR}/${UNLOCALIZED_RESOURCES_FOLDER_PATH}/atelier-forest-dark.min.css",
				"${TARGET_BUILD_DIR}/${UNLOCALIZED_RESOURCES_FOLDER_PATH}/atelier-forest-light.min.css",
				"${TARGET_BUILD_DIR}/${UNLOCALIZED_RESOURCES_FOLDER_PATH}/atelier-heath-dark.min.css",
				"${TARGET_BUILD_DIR}/${UNLOCALIZED_RESOURCES_FOLDER_PATH}/atelier-heath-light.min.css",
				"${TARGET_BUILD_DIR}/${UNLOCALIZED_RESOURCES_FOLDER_PATH}/atelier-lakeside-dark.min.css",
				"${TARGET_BUILD_DIR}/${UNLOCALIZED_RESOURCES_FOLDER_PATH}/atelier-lakeside-light.min.css",
				"${TARGET_BUILD_DIR}/${UNLOCALIZED_RESOURCES_FOLDER_PATH}/atelier-plateau-dark.min.css",
				"${TARGET_BUILD_DIR}/${UNLOCALIZED_RESOURCES_FOLDER_PATH}/atelier-plateau-light.min.css",
				"${TARGET_BUILD_DIR}/${UNLOCALIZED_RESOURCES_FOLDER_PATH}/atelier-savanna-dark.min.css",
				"${TARGET_BUILD_DIR}/${UNLOCALIZED_RESOURCES_FOLDER_PATH}/atelier-savanna-light.min.css",
				"${TARGET_BUILD_DIR}/${UNLOCALIZED_RESOURCES_FOLDER_PATH}/atelier-seaside-dark.min.css",
				"${TARGET_BUILD_DIR}/${UNLOCALIZED_RESOURCES_FOLDER_PATH}/atelier-seaside-light.min.css",
				"${TARGET_BUILD_DIR}/${UNLOCALIZED_RESOURCES_FOLDER_PATH}/atelier-sulphurpool-dark.min.css",
				"${TARGET_BUILD_DIR}/${UNLOCALIZED_RESOURCES_FOLDER_PATH}/atelier-sulphurpool-light.min.css",
				"${TARGET_BUILD_DIR}/${UNLOCALIZED_RESOURCES_FOLDER_PATH}/atom-one-dark-reasonable.min.css",
				"${TARGET_BUILD_DIR}/${UNLOCALIZED_RESOURCES_FOLDER_PATH}/atom-one-dark.min.css",
				"${TARGET_BUILD_DIR}/${UNLOCALIZED_RESOURCES_FOLDER_PATH}/atom-one-light.min.css",
				"${TARGET_BUILD_DIR}/${UNLOCALIZED_RESOURCES_FOLDER_PATH}/brown-paper.min.css",
				"${TARGET_BUILD_DIR}/${UNLOCALIZED_RESOURCES_FOLDER_PATH}/codepen-embed.min.css",
				"${TARGET_BUILD_DIR}/${UNLOCALIZED_RESOURCES_FOLDER_PATH}/color-brewer.min.css",
				"${TARGET_BUILD_DIR}/${UNLOCALIZED_RESOURCES_FOLDER_PATH}/darcula.min.css",
				"${TARGET_BUILD_DIR}/${UNLOCALIZED_RESOURCES_FOLDER_PATH}/dark.min.css",
				"${TARGET_BUILD_DIR}/${UNLOCALIZED_RESOURCES_FOLDER_PATH}/darkula.min.css",
				"${TARGET_BUILD_DIR}/${UNLOCALIZED_RESOURCES_FOLDER_PATH}/default.min.css",
				"${TARGET_BUILD_DIR}/${UNLOCALIZED_RESOURCES_FOLDER_PATH}/docco.min.css",
				"${TARGET_BUILD_DIR}/${UNLOCALIZED_RESOURCES_FOLDER_PATH}/dracula.min.css",
				"${TARGET_BUILD_DIR}/${UNLOCALIZED_RESOURCES_FOLDER_PATH}/far.min.css",
				"${TARGET_BUILD_DIR}/${UNLOCALIZED_RESOURCES_FOLDER_PATH}/foundation.min.css",
				"${TARGET_BUILD_DIR}/${UNLOCALIZED_RESOURCES_FOLDER_PATH}/github-gist.min.css",
				"${TARGET_BUILD_DIR}/${UNLOCALIZED_RESOURCES_FOLDER_PATH}/github.min.css",
				"${TARGET_BUILD_DIR}/${UNLOCALIZED_RESOURCES_FOLDER_PATH}/gml.min.css",
				"${TARGET_BUILD_DIR}/${UNLOCALIZED_RESOURCES_FOLDER_PATH}/googlecode.min.css",
				"${TARGET_BUILD_DIR}/${UNLOCALIZED_RESOURCES_FOLDER_PATH}/grayscale.min.css",
				"${TARGET_BUILD_DIR}/${UNLOCALIZED_RESOURCES_FOLDER_PATH}/gruvbox-dark.min.css",
				"${TARGET_BUILD_DIR}/${UNLOCALIZED_RESOURCES_FOLDER_PATH}/gruvbox-light.min.css",
				"${TARGET_BUILD_DIR}/${UNLOCALIZED_RESOURCES_FOLDER_PATH}/hopscotch.min.css",
				"${TARGET_BUILD_DIR}/${UNLOCALIZED_RESOURCES_FOLDER_PATH}/hybrid.min.css",
				"${TARGET_BUILD_DIR}/${UNLOCALIZED_RESOURCES_FOLDER_PATH}/idea.min.css",
				"${TARGET_BUILD_DIR}/${UNLOCALIZED_RESOURCES_FOLDER_PATH}/ir-black.min.css",
				"${TARGET_BUILD_DIR}/${UNLOCALIZED_RESOURCES_FOLDER_PATH}/isbl-editor-dark.min.css",
				"${TARGET_BUILD_DIR}/${UNLOCALIZED_RESOURCES_FOLDER_PATH}/isbl-editor-light.min.css",
				"${TARGET_BUILD_DIR}/${UNLOCALIZED_RESOURCES_FOLDER_PATH}/kimbie.dark.min.css",
				"${TARGET_BUILD_DIR}/${UNLOCALIZED_RESOURCES_FOLDER_PATH}/kimbie.light.min.css",
				"${TARGET_BUILD_DIR}/${UNLOCALIZED_RESOURCES_FOLDER_PATH}/lightfair.min.css",
				"${TARGET_BUILD_DIR}/${UNLOCALIZED_RESOURCES_FOLDER_PATH}/magula.min.css",
				"${TARGET_BUILD_DIR}/${UNLOCALIZED_RESOURCES_FOLDER_PATH}/mono-blue.min.css",
				"${TARGET_BUILD_DIR}/${UNLOCALIZED_RESOURCES_FOLDER_PATH}/monokai-sublime.min.css",
				"${TARGET_BUILD_DIR}/${UNLOCALIZED_RESOURCES_FOLDER_PATH}/monokai.min.css",
				"${TARGET_BUILD_DIR}/${UNLOCALIZED_RESOURCES_FOLDER_PATH}/nord.min.css",
				"${TARGET_BUILD_DIR}/${UNLOCALIZED_RESOURCES_FOLDER_PATH}/obsidian.min.css",
				"${TARGET_BUILD_DIR}/${UNLOCALIZED_RESOURCES_FOLDER_PATH}/ocean.min.css",
				"${TARGET_BUILD_DIR}/${UNLOCALIZED_RESOURCES_FOLDER_PATH}/paraiso-dark.min.css",
				"${TARGET_BUILD_DIR}/${UNLOCALIZED_RESOURCES_FOLDER_PATH}/paraiso-light.min.css",
				"${TARGET_BUILD_DIR}/${UNLOCALIZED_RESOURCES_FOLDER_PATH}/pojoaque.min.css",
				"${TARGET_BUILD_DIR}/${UNLOCALIZED_RESOURCES_FOLDER_PATH}/purebasic.min.css",
				"${TARGET_BUILD_DIR}/${UNLOCALIZED_RESOURCES_FOLDER_PATH}/qtcreator_dark.min.css",
				"${TARGET_BUILD_DIR}/${UNLOCALIZED_RESOURCES_FOLDER_PATH}/qtcreator_light.min.css",
				"${TARGET_BUILD_DIR}/${UNLOCALIZED_RESOURCES_FOLDER_PATH}/railscasts.min.css",
				"${TARGET_BUILD_DIR}/${UNLOCALIZED_RESOURCES_FOLDER_PATH}/rainbow.min.css",
				"${TARGET_BUILD_DIR}/${UNLOCALIZED_RESOURCES_FOLDER_PATH}/routeros.min.css",
				"${TARGET_BUILD_DIR}/${UNLOCALIZED_RESOURCES_FOLDER_PATH}/school-book.min.css",
				"${TARGET_BUILD_DIR}/${UNLOCALIZED_RESOURCES_FOLDER_PATH}/shades-of-purple.min.css",
				"${TARGET_BUILD_DIR}/${UNLOCALIZED_RESOURCES_FOLDER_PATH}/solarized-dark.min.css",
				"${TARGET_BUILD_DIR}/${UNLOCALIZED_RESOURCES_FOLDER_PATH}/solarized-light.min.css",
				"${TARGET_BUILD_DIR}/${UNLOCALIZED_RESOURCES_FOLDER_PATH}/sunburst.min.css",
				"${TARGET_BUILD_DIR}/${UNLOCALIZED_RESOURCES_FOLDER_PATH}/tomorrow-night-blue.min.css",
				"${TARGET_BUILD_DIR}/${UNLOCALIZED_RESOURCES_FOLDER_PATH}/tomorrow-night-bright.min.css",
				"${TARGET_BUILD_DIR}/${UNLOCALIZED_RESOURCES_FOLDER_PATH}/tomorrow-night-eighties.min.css",
				"${TARGET_BUILD_DIR}/${UNLOCALIZED_RESOURCES_FOLDER_PATH}/tomorrow-night.min.css",
				"${TARGET_BUILD_DIR}/${UNLOCALIZED_RESOURCES_FOLDER_PATH}/tomorrow.min.css",
				"${TARGET_BUILD_DIR}/${UNLOCALIZED_RESOURCES_FOLDER_PATH}/vs.min.css",
				"${TARGET_BUILD_DIR}/${UNLOCALIZED_RESOURCES_FOLDER_PATH}/vs2015.min.css",
				"${TARGET_BUILD_DIR}/${UNLOCALIZED_RESOURCES_FOLDER_PATH}/xcode.min.css",
				"${TARGET_BUILD_DIR}/${UNLOCALIZED_RESOURCES_FOLDER_PATH}/xt256.min.css",
				"${TARGET_BUILD_DIR}/${UNLOCALIZED_RESOURCES_FOLDER_PATH}/zenburn.min.css",
				"${TARGET_BUILD_DIR}/${UNLOCALIZED_RESOURCES_FOLDER_PATH}/AccessibilityResources.bundle",
			);
			runOnlyForDeploymentPostprocessing = 0;
			shellPath = /bin/sh;
			shellScript = "\"${PODS_ROOT}/Target Support Files/Pods-MobileCoder-MobileCoderTests/Pods-MobileCoder-MobileCoderTests-resources.sh\"\n";
			showEnvVarsInLog = 0;
		};
		674CF805DB9122E0552D83A5 /* [CP] Check Pods Manifest.lock */ = {
			isa = PBXShellScriptBuildPhase;
			buildActionMask = 2147483647;
			files = (
			);
			inputFileListPaths = (
			);
			inputPaths = (
				"${PODS_PODFILE_DIR_PATH}/Podfile.lock",
				"${PODS_ROOT}/Manifest.lock",
			);
			name = "[CP] Check Pods Manifest.lock";
			outputFileListPaths = (
			);
			outputPaths = (
				"$(DERIVED_FILE_DIR)/Pods-MobileCoder-checkManifestLockResult.txt",
			);
			runOnlyForDeploymentPostprocessing = 0;
			shellPath = /bin/sh;
			shellScript = "diff \"${PODS_PODFILE_DIR_PATH}/Podfile.lock\" \"${PODS_ROOT}/Manifest.lock\" > /dev/null\nif [ $? != 0 ] ; then\n    # print error to STDERR\n    echo \"error: The sandbox is not in sync with the Podfile.lock. Run 'pod install' or update your CocoaPods installation.\" >&2\n    exit 1\nfi\n# This output is used by Xcode 'outputs' to avoid re-running this script phase.\necho \"SUCCESS\" > \"${SCRIPT_OUTPUT_FILE_0}\"\n";
			showEnvVarsInLog = 0;
		};
		8DDC657A1DC96DEC77FEDFAB /* [CP] Copy Pods Resources */ = {
			isa = PBXShellScriptBuildPhase;
			buildActionMask = 2147483647;
			files = (
			);
			inputPaths = (
				"${PODS_ROOT}/Target Support Files/Pods-MobileCoder/Pods-MobileCoder-resources.sh",
				"${PODS_ROOT}/Highlightr/Pod/Assets/Highlighter/highlight.min.js",
				"${PODS_ROOT}/Highlightr/Pod/Assets/styles/a11y-dark.min.css",
				"${PODS_ROOT}/Highlightr/Pod/Assets/styles/a11y-light.min.css",
				"${PODS_ROOT}/Highlightr/Pod/Assets/styles/agate.min.css",
				"${PODS_ROOT}/Highlightr/Pod/Assets/styles/an-old-hope.min.css",
				"${PODS_ROOT}/Highlightr/Pod/Assets/styles/androidstudio.min.css",
				"${PODS_ROOT}/Highlightr/Pod/Assets/styles/arduino-light.min.css",
				"${PODS_ROOT}/Highlightr/Pod/Assets/styles/arta.min.css",
				"${PODS_ROOT}/Highlightr/Pod/Assets/styles/ascetic.min.css",
				"${PODS_ROOT}/Highlightr/Pod/Assets/styles/atelier-cave-dark.min.css",
				"${PODS_ROOT}/Highlightr/Pod/Assets/styles/atelier-cave-light.min.css",
				"${PODS_ROOT}/Highlightr/Pod/Assets/styles/atelier-dune-dark.min.css",
				"${PODS_ROOT}/Highlightr/Pod/Assets/styles/atelier-dune-light.min.css",
				"${PODS_ROOT}/Highlightr/Pod/Assets/styles/atelier-estuary-dark.min.css",
				"${PODS_ROOT}/Highlightr/Pod/Assets/styles/atelier-estuary-light.min.css",
				"${PODS_ROOT}/Highlightr/Pod/Assets/styles/atelier-forest-dark.min.css",
				"${PODS_ROOT}/Highlightr/Pod/Assets/styles/atelier-forest-light.min.css",
				"${PODS_ROOT}/Highlightr/Pod/Assets/styles/atelier-heath-dark.min.css",
				"${PODS_ROOT}/Highlightr/Pod/Assets/styles/atelier-heath-light.min.css",
				"${PODS_ROOT}/Highlightr/Pod/Assets/styles/atelier-lakeside-dark.min.css",
				"${PODS_ROOT}/Highlightr/Pod/Assets/styles/atelier-lakeside-light.min.css",
				"${PODS_ROOT}/Highlightr/Pod/Assets/styles/atelier-plateau-dark.min.css",
				"${PODS_ROOT}/Highlightr/Pod/Assets/styles/atelier-plateau-light.min.css",
				"${PODS_ROOT}/Highlightr/Pod/Assets/styles/atelier-savanna-dark.min.css",
				"${PODS_ROOT}/Highlightr/Pod/Assets/styles/atelier-savanna-light.min.css",
				"${PODS_ROOT}/Highlightr/Pod/Assets/styles/atelier-seaside-dark.min.css",
				"${PODS_ROOT}/Highlightr/Pod/Assets/styles/atelier-seaside-light.min.css",
				"${PODS_ROOT}/Highlightr/Pod/Assets/styles/atelier-sulphurpool-dark.min.css",
				"${PODS_ROOT}/Highlightr/Pod/Assets/styles/atelier-sulphurpool-light.min.css",
				"${PODS_ROOT}/Highlightr/Pod/Assets/styles/atom-one-dark-reasonable.min.css",
				"${PODS_ROOT}/Highlightr/Pod/Assets/styles/atom-one-dark.min.css",
				"${PODS_ROOT}/Highlightr/Pod/Assets/styles/atom-one-light.min.css",
				"${PODS_ROOT}/Highlightr/Pod/Assets/styles/brown-paper.min.css",
				"${PODS_ROOT}/Highlightr/Pod/Assets/styles/codepen-embed.min.css",
				"${PODS_ROOT}/Highlightr/Pod/Assets/styles/color-brewer.min.css",
				"${PODS_ROOT}/Highlightr/Pod/Assets/styles/darcula.min.css",
				"${PODS_ROOT}/Highlightr/Pod/Assets/styles/dark.min.css",
				"${PODS_ROOT}/Highlightr/Pod/Assets/styles/darkula.min.css",
				"${PODS_ROOT}/Highlightr/Pod/Assets/styles/default.min.css",
				"${PODS_ROOT}/Highlightr/Pod/Assets/styles/docco.min.css",
				"${PODS_ROOT}/Highlightr/Pod/Assets/styles/dracula.min.css",
				"${PODS_ROOT}/Highlightr/Pod/Assets/styles/far.min.css",
				"${PODS_ROOT}/Highlightr/Pod/Assets/styles/foundation.min.css",
				"${PODS_ROOT}/Highlightr/Pod/Assets/styles/github-gist.min.css",
				"${PODS_ROOT}/Highlightr/Pod/Assets/styles/github.min.css",
				"${PODS_ROOT}/Highlightr/Pod/Assets/styles/gml.min.css",
				"${PODS_ROOT}/Highlightr/Pod/Assets/styles/googlecode.min.css",
				"${PODS_ROOT}/Highlightr/Pod/Assets/styles/grayscale.min.css",
				"${PODS_ROOT}/Highlightr/Pod/Assets/styles/gruvbox-dark.min.css",
				"${PODS_ROOT}/Highlightr/Pod/Assets/styles/gruvbox-light.min.css",
				"${PODS_ROOT}/Highlightr/Pod/Assets/styles/hopscotch.min.css",
				"${PODS_ROOT}/Highlightr/Pod/Assets/styles/hybrid.min.css",
				"${PODS_ROOT}/Highlightr/Pod/Assets/styles/idea.min.css",
				"${PODS_ROOT}/Highlightr/Pod/Assets/styles/ir-black.min.css",
				"${PODS_ROOT}/Highlightr/Pod/Assets/styles/isbl-editor-dark.min.css",
				"${PODS_ROOT}/Highlightr/Pod/Assets/styles/isbl-editor-light.min.css",
				"${PODS_ROOT}/Highlightr/Pod/Assets/styles/kimbie.dark.min.css",
				"${PODS_ROOT}/Highlightr/Pod/Assets/styles/kimbie.light.min.css",
				"${PODS_ROOT}/Highlightr/Pod/Assets/styles/lightfair.min.css",
				"${PODS_ROOT}/Highlightr/Pod/Assets/styles/magula.min.css",
				"${PODS_ROOT}/Highlightr/Pod/Assets/styles/mono-blue.min.css",
				"${PODS_ROOT}/Highlightr/Pod/Assets/styles/monokai-sublime.min.css",
				"${PODS_ROOT}/Highlightr/Pod/Assets/styles/monokai.min.css",
				"${PODS_ROOT}/Highlightr/Pod/Assets/styles/nord.min.css",
				"${PODS_ROOT}/Highlightr/Pod/Assets/styles/obsidian.min.css",
				"${PODS_ROOT}/Highlightr/Pod/Assets/styles/ocean.min.css",
				"${PODS_ROOT}/Highlightr/Pod/Assets/styles/paraiso-dark.min.css",
				"${PODS_ROOT}/Highlightr/Pod/Assets/styles/paraiso-light.min.css",
				"${PODS_ROOT}/Highlightr/Pod/Assets/styles/pojoaque.min.css",
				"${PODS_ROOT}/Highlightr/Pod/Assets/styles/purebasic.min.css",
				"${PODS_ROOT}/Highlightr/Pod/Assets/styles/qtcreator_dark.min.css",
				"${PODS_ROOT}/Highlightr/Pod/Assets/styles/qtcreator_light.min.css",
				"${PODS_ROOT}/Highlightr/Pod/Assets/styles/railscasts.min.css",
				"${PODS_ROOT}/Highlightr/Pod/Assets/styles/rainbow.min.css",
				"${PODS_ROOT}/Highlightr/Pod/Assets/styles/routeros.min.css",
				"${PODS_ROOT}/Highlightr/Pod/Assets/styles/school-book.min.css",
				"${PODS_ROOT}/Highlightr/Pod/Assets/styles/shades-of-purple.min.css",
				"${PODS_ROOT}/Highlightr/Pod/Assets/styles/solarized-dark.min.css",
				"${PODS_ROOT}/Highlightr/Pod/Assets/styles/solarized-light.min.css",
				"${PODS_ROOT}/Highlightr/Pod/Assets/styles/sunburst.min.css",
				"${PODS_ROOT}/Highlightr/Pod/Assets/styles/tomorrow-night-blue.min.css",
				"${PODS_ROOT}/Highlightr/Pod/Assets/styles/tomorrow-night-bright.min.css",
				"${PODS_ROOT}/Highlightr/Pod/Assets/styles/tomorrow-night-eighties.min.css",
				"${PODS_ROOT}/Highlightr/Pod/Assets/styles/tomorrow-night.min.css",
				"${PODS_ROOT}/Highlightr/Pod/Assets/styles/tomorrow.min.css",
				"${PODS_ROOT}/Highlightr/Pod/Assets/styles/vs.min.css",
				"${PODS_ROOT}/Highlightr/Pod/Assets/styles/vs2015.min.css",
				"${PODS_ROOT}/Highlightr/Pod/Assets/styles/xcode.min.css",
				"${PODS_ROOT}/Highlightr/Pod/Assets/styles/xt256.min.css",
				"${PODS_ROOT}/Highlightr/Pod/Assets/styles/zenburn.min.css",
				"${PODS_CONFIGURATION_BUILD_DIR}/React-Core/AccessibilityResources.bundle",
			);
			name = "[CP] Copy Pods Resources";
			outputPaths = (
				"${TARGET_BUILD_DIR}/${UNLOCALIZED_RESOURCES_FOLDER_PATH}/highlight.min.js",
				"${TARGET_BUILD_DIR}/${UNLOCALIZED_RESOURCES_FOLDER_PATH}/a11y-dark.min.css",
				"${TARGET_BUILD_DIR}/${UNLOCALIZED_RESOURCES_FOLDER_PATH}/a11y-light.min.css",
				"${TARGET_BUILD_DIR}/${UNLOCALIZED_RESOURCES_FOLDER_PATH}/agate.min.css",
				"${TARGET_BUILD_DIR}/${UNLOCALIZED_RESOURCES_FOLDER_PATH}/an-old-hope.min.css",
				"${TARGET_BUILD_DIR}/${UNLOCALIZED_RESOURCES_FOLDER_PATH}/androidstudio.min.css",
				"${TARGET_BUILD_DIR}/${UNLOCALIZED_RESOURCES_FOLDER_PATH}/arduino-light.min.css",
				"${TARGET_BUILD_DIR}/${UNLOCALIZED_RESOURCES_FOLDER_PATH}/arta.min.css",
				"${TARGET_BUILD_DIR}/${UNLOCALIZED_RESOURCES_FOLDER_PATH}/ascetic.min.css",
				"${TARGET_BUILD_DIR}/${UNLOCALIZED_RESOURCES_FOLDER_PATH}/atelier-cave-dark.min.css",
				"${TARGET_BUILD_DIR}/${UNLOCALIZED_RESOURCES_FOLDER_PATH}/atelier-cave-light.min.css",
				"${TARGET_BUILD_DIR}/${UNLOCALIZED_RESOURCES_FOLDER_PATH}/atelier-dune-dark.min.css",
				"${TARGET_BUILD_DIR}/${UNLOCALIZED_RESOURCES_FOLDER_PATH}/atelier-dune-light.min.css",
				"${TARGET_BUILD_DIR}/${UNLOCALIZED_RESOURCES_FOLDER_PATH}/atelier-estuary-dark.min.css",
				"${TARGET_BUILD_DIR}/${UNLOCALIZED_RESOURCES_FOLDER_PATH}/atelier-estuary-light.min.css",
				"${TARGET_BUILD_DIR}/${UNLOCALIZED_RESOURCES_FOLDER_PATH}/atelier-forest-dark.min.css",
				"${TARGET_BUILD_DIR}/${UNLOCALIZED_RESOURCES_FOLDER_PATH}/atelier-forest-light.min.css",
				"${TARGET_BUILD_DIR}/${UNLOCALIZED_RESOURCES_FOLDER_PATH}/atelier-heath-dark.min.css",
				"${TARGET_BUILD_DIR}/${UNLOCALIZED_RESOURCES_FOLDER_PATH}/atelier-heath-light.min.css",
				"${TARGET_BUILD_DIR}/${UNLOCALIZED_RESOURCES_FOLDER_PATH}/atelier-lakeside-dark.min.css",
				"${TARGET_BUILD_DIR}/${UNLOCALIZED_RESOURCES_FOLDER_PATH}/atelier-lakeside-light.min.css",
				"${TARGET_BUILD_DIR}/${UNLOCALIZED_RESOURCES_FOLDER_PATH}/atelier-plateau-dark.min.css",
				"${TARGET_BUILD_DIR}/${UNLOCALIZED_RESOURCES_FOLDER_PATH}/atelier-plateau-light.min.css",
				"${TARGET_BUILD_DIR}/${UNLOCALIZED_RESOURCES_FOLDER_PATH}/atelier-savanna-dark.min.css",
				"${TARGET_BUILD_DIR}/${UNLOCALIZED_RESOURCES_FOLDER_PATH}/atelier-savanna-light.min.css",
				"${TARGET_BUILD_DIR}/${UNLOCALIZED_RESOURCES_FOLDER_PATH}/atelier-seaside-dark.min.css",
				"${TARGET_BUILD_DIR}/${UNLOCALIZED_RESOURCES_FOLDER_PATH}/atelier-seaside-light.min.css",
				"${TARGET_BUILD_DIR}/${UNLOCALIZED_RESOURCES_FOLDER_PATH}/atelier-sulphurpool-dark.min.css",
				"${TARGET_BUILD_DIR}/${UNLOCALIZED_RESOURCES_FOLDER_PATH}/atelier-sulphurpool-light.min.css",
				"${TARGET_BUILD_DIR}/${UNLOCALIZED_RESOURCES_FOLDER_PATH}/atom-one-dark-reasonable.min.css",
				"${TARGET_BUILD_DIR}/${UNLOCALIZED_RESOURCES_FOLDER_PATH}/atom-one-dark.min.css",
				"${TARGET_BUILD_DIR}/${UNLOCALIZED_RESOURCES_FOLDER_PATH}/atom-one-light.min.css",
				"${TARGET_BUILD_DIR}/${UNLOCALIZED_RESOURCES_FOLDER_PATH}/brown-paper.min.css",
				"${TARGET_BUILD_DIR}/${UNLOCALIZED_RESOURCES_FOLDER_PATH}/codepen-embed.min.css",
				"${TARGET_BUILD_DIR}/${UNLOCALIZED_RESOURCES_FOLDER_PATH}/color-brewer.min.css",
				"${TARGET_BUILD_DIR}/${UNLOCALIZED_RESOURCES_FOLDER_PATH}/darcula.min.css",
				"${TARGET_BUILD_DIR}/${UNLOCALIZED_RESOURCES_FOLDER_PATH}/dark.min.css",
				"${TARGET_BUILD_DIR}/${UNLOCALIZED_RESOURCES_FOLDER_PATH}/darkula.min.css",
				"${TARGET_BUILD_DIR}/${UNLOCALIZED_RESOURCES_FOLDER_PATH}/default.min.css",
				"${TARGET_BUILD_DIR}/${UNLOCALIZED_RESOURCES_FOLDER_PATH}/docco.min.css",
				"${TARGET_BUILD_DIR}/${UNLOCALIZED_RESOURCES_FOLDER_PATH}/dracula.min.css",
				"${TARGET_BUILD_DIR}/${UNLOCALIZED_RESOURCES_FOLDER_PATH}/far.min.css",
				"${TARGET_BUILD_DIR}/${UNLOCALIZED_RESOURCES_FOLDER_PATH}/foundation.min.css",
				"${TARGET_BUILD_DIR}/${UNLOCALIZED_RESOURCES_FOLDER_PATH}/github-gist.min.css",
				"${TARGET_BUILD_DIR}/${UNLOCALIZED_RESOURCES_FOLDER_PATH}/github.min.css",
				"${TARGET_BUILD_DIR}/${UNLOCALIZED_RESOURCES_FOLDER_PATH}/gml.min.css",
				"${TARGET_BUILD_DIR}/${UNLOCALIZED_RESOURCES_FOLDER_PATH}/googlecode.min.css",
				"${TARGET_BUILD_DIR}/${UNLOCALIZED_RESOURCES_FOLDER_PATH}/grayscale.min.css",
				"${TARGET_BUILD_DIR}/${UNLOCALIZED_RESOURCES_FOLDER_PATH}/gruvbox-dark.min.css",
				"${TARGET_BUILD_DIR}/${UNLOCALIZED_RESOURCES_FOLDER_PATH}/gruvbox-light.min.css",
				"${TARGET_BUILD_DIR}/${UNLOCALIZED_RESOURCES_FOLDER_PATH}/hopscotch.min.css",
				"${TARGET_BUILD_DIR}/${UNLOCALIZED_RESOURCES_FOLDER_PATH}/hybrid.min.css",
				"${TARGET_BUILD_DIR}/${UNLOCALIZED_RESOURCES_FOLDER_PATH}/idea.min.css",
				"${TARGET_BUILD_DIR}/${UNLOCALIZED_RESOURCES_FOLDER_PATH}/ir-black.min.css",
				"${TARGET_BUILD_DIR}/${UNLOCALIZED_RESOURCES_FOLDER_PATH}/isbl-editor-dark.min.css",
				"${TARGET_BUILD_DIR}/${UNLOCALIZED_RESOURCES_FOLDER_PATH}/isbl-editor-light.min.css",
				"${TARGET_BUILD_DIR}/${UNLOCALIZED_RESOURCES_FOLDER_PATH}/kimbie.dark.min.css",
				"${TARGET_BUILD_DIR}/${UNLOCALIZED_RESOURCES_FOLDER_PATH}/kimbie.light.min.css",
				"${TARGET_BUILD_DIR}/${UNLOCALIZED_RESOURCES_FOLDER_PATH}/lightfair.min.css",
				"${TARGET_BUILD_DIR}/${UNLOCALIZED_RESOURCES_FOLDER_PATH}/magula.min.css",
				"${TARGET_BUILD_DIR}/${UNLOCALIZED_RESOURCES_FOLDER_PATH}/mono-blue.min.css",
				"${TARGET_BUILD_DIR}/${UNLOCALIZED_RESOURCES_FOLDER_PATH}/monokai-sublime.min.css",
				"${TARGET_BUILD_DIR}/${UNLOCALIZED_RESOURCES_FOLDER_PATH}/monokai.min.css",
				"${TARGET_BUILD_DIR}/${UNLOCALIZED_RESOURCES_FOLDER_PATH}/nord.min.css",
				"${TARGET_BUILD_DIR}/${UNLOCALIZED_RESOURCES_FOLDER_PATH}/obsidian.min.css",
				"${TARGET_BUILD_DIR}/${UNLOCALIZED_RESOURCES_FOLDER_PATH}/ocean.min.css",
				"${TARGET_BUILD_DIR}/${UNLOCALIZED_RESOURCES_FOLDER_PATH}/paraiso-dark.min.css",
				"${TARGET_BUILD_DIR}/${UNLOCALIZED_RESOURCES_FOLDER_PATH}/paraiso-light.min.css",
				"${TARGET_BUILD_DIR}/${UNLOCALIZED_RESOURCES_FOLDER_PATH}/pojoaque.min.css",
				"${TARGET_BUILD_DIR}/${UNLOCALIZED_RESOURCES_FOLDER_PATH}/purebasic.min.css",
				"${TARGET_BUILD_DIR}/${UNLOCALIZED_RESOURCES_FOLDER_PATH}/qtcreator_dark.min.css",
				"${TARGET_BUILD_DIR}/${UNLOCALIZED_RESOURCES_FOLDER_PATH}/qtcreator_light.min.css",
				"${TARGET_BUILD_DIR}/${UNLOCALIZED_RESOURCES_FOLDER_PATH}/railscasts.min.css",
				"${TARGET_BUILD_DIR}/${UNLOCALIZED_RESOURCES_FOLDER_PATH}/rainbow.min.css",
				"${TARGET_BUILD_DIR}/${UNLOCALIZED_RESOURCES_FOLDER_PATH}/routeros.min.css",
				"${TARGET_BUILD_DIR}/${UNLOCALIZED_RESOURCES_FOLDER_PATH}/school-book.min.css",
				"${TARGET_BUILD_DIR}/${UNLOCALIZED_RESOURCES_FOLDER_PATH}/shades-of-purple.min.css",
				"${TARGET_BUILD_DIR}/${UNLOCALIZED_RESOURCES_FOLDER_PATH}/solarized-dark.min.css",
				"${TARGET_BUILD_DIR}/${UNLOCALIZED_RESOURCES_FOLDER_PATH}/solarized-light.min.css",
				"${TARGET_BUILD_DIR}/${UNLOCALIZED_RESOURCES_FOLDER_PATH}/sunburst.min.css",
				"${TARGET_BUILD_DIR}/${UNLOCALIZED_RESOURCES_FOLDER_PATH}/tomorrow-night-blue.min.css",
				"${TARGET_BUILD_DIR}/${UNLOCALIZED_RESOURCES_FOLDER_PATH}/tomorrow-night-bright.min.css",
				"${TARGET_BUILD_DIR}/${UNLOCALIZED_RESOURCES_FOLDER_PATH}/tomorrow-night-eighties.min.css",
				"${TARGET_BUILD_DIR}/${UNLOCALIZED_RESOURCES_FOLDER_PATH}/tomorrow-night.min.css",
				"${TARGET_BUILD_DIR}/${UNLOCALIZED_RESOURCES_FOLDER_PATH}/tomorrow.min.css",
				"${TARGET_BUILD_DIR}/${UNLOCALIZED_RESOURCES_FOLDER_PATH}/vs.min.css",
				"${TARGET_BUILD_DIR}/${UNLOCALIZED_RESOURCES_FOLDER_PATH}/vs2015.min.css",
				"${TARGET_BUILD_DIR}/${UNLOCALIZED_RESOURCES_FOLDER_PATH}/xcode.min.css",
				"${TARGET_BUILD_DIR}/${UNLOCALIZED_RESOURCES_FOLDER_PATH}/xt256.min.css",
				"${TARGET_BUILD_DIR}/${UNLOCALIZED_RESOURCES_FOLDER_PATH}/zenburn.min.css",
				"${TARGET_BUILD_DIR}/${UNLOCALIZED_RESOURCES_FOLDER_PATH}/AccessibilityResources.bundle",
			);
			runOnlyForDeploymentPostprocessing = 0;
			shellPath = /bin/sh;
			shellScript = "\"${PODS_ROOT}/Target Support Files/Pods-MobileCoder/Pods-MobileCoder-resources.sh\"\n";
			showEnvVarsInLog = 0;
		};
		EBA0A78E9AAB86C59D3B89B2 /* [CP] Check Pods Manifest.lock */ = {
			isa = PBXShellScriptBuildPhase;
			buildActionMask = 2147483647;
			files = (
			);
			inputFileListPaths = (
			);
			inputPaths = (
				"${PODS_PODFILE_DIR_PATH}/Podfile.lock",
				"${PODS_ROOT}/Manifest.lock",
			);
			name = "[CP] Check Pods Manifest.lock";
			outputFileListPaths = (
			);
			outputPaths = (
				"$(DERIVED_FILE_DIR)/Pods-MobileCoder-tvOSTests-checkManifestLockResult.txt",
			);
			runOnlyForDeploymentPostprocessing = 0;
			shellPath = /bin/sh;
			shellScript = "diff \"${PODS_PODFILE_DIR_PATH}/Podfile.lock\" \"${PODS_ROOT}/Manifest.lock\" > /dev/null\nif [ $? != 0 ] ; then\n    # print error to STDERR\n    echo \"error: The sandbox is not in sync with the Podfile.lock. Run 'pod install' or update your CocoaPods installation.\" >&2\n    exit 1\nfi\n# This output is used by Xcode 'outputs' to avoid re-running this script phase.\necho \"SUCCESS\" > \"${SCRIPT_OUTPUT_FILE_0}\"\n";
			showEnvVarsInLog = 0;
		};
		F4F72DA045512418B3F5243E /* [CP] Check Pods Manifest.lock */ = {
			isa = PBXShellScriptBuildPhase;
			buildActionMask = 2147483647;
			files = (
			);
			inputFileListPaths = (
			);
			inputPaths = (
				"${PODS_PODFILE_DIR_PATH}/Podfile.lock",
				"${PODS_ROOT}/Manifest.lock",
			);
			name = "[CP] Check Pods Manifest.lock";
			outputFileListPaths = (
			);
			outputPaths = (
				"$(DERIVED_FILE_DIR)/Pods-MobileCoder-tvOS-checkManifestLockResult.txt",
			);
			runOnlyForDeploymentPostprocessing = 0;
			shellPath = /bin/sh;
			shellScript = "diff \"${PODS_PODFILE_DIR_PATH}/Podfile.lock\" \"${PODS_ROOT}/Manifest.lock\" > /dev/null\nif [ $? != 0 ] ; then\n    # print error to STDERR\n    echo \"error: The sandbox is not in sync with the Podfile.lock. Run 'pod install' or update your CocoaPods installation.\" >&2\n    exit 1\nfi\n# This output is used by Xcode 'outputs' to avoid re-running this script phase.\necho \"SUCCESS\" > \"${SCRIPT_OUTPUT_FILE_0}\"\n";
			showEnvVarsInLog = 0;
		};
		FD10A7F022414F080027D42C /* Start Packager */ = {
			isa = PBXShellScriptBuildPhase;
			buildActionMask = 2147483647;
			files = (
			);
			inputFileListPaths = (
			);
			inputPaths = (
			);
			name = "Start Packager";
			outputFileListPaths = (
			);
			outputPaths = (
			);
			runOnlyForDeploymentPostprocessing = 0;
			shellPath = /bin/sh;
			shellScript = "export RCT_METRO_PORT=\"${RCT_METRO_PORT:=8081}\"\necho \"export RCT_METRO_PORT=${RCT_METRO_PORT}\" > \"${SRCROOT}/../node_modules/react-native/scripts/.packager.env\"\nif [ -z \"${RCT_NO_LAUNCH_PACKAGER+xxx}\" ] ; then\n  if nc -w 5 -z localhost ${RCT_METRO_PORT} ; then\n    if ! curl -s \"http://localhost:${RCT_METRO_PORT}/status\" | grep -q \"packager-status:running\" ; then\n      echo \"Port ${RCT_METRO_PORT} already in use, packager is either not running or not running correctly\"\n      exit 2\n    fi\n  else\n    open \"$SRCROOT/../node_modules/react-native/scripts/launchPackager.command\" || echo \"Can't start packager automatically\"\n  fi\nfi\n";
			showEnvVarsInLog = 0;
		};
		FD10A7F122414F3F0027D42C /* Start Packager */ = {
			isa = PBXShellScriptBuildPhase;
			buildActionMask = 2147483647;
			files = (
			);
			inputFileListPaths = (
			);
			inputPaths = (
			);
			name = "Start Packager";
			outputFileListPaths = (
			);
			outputPaths = (
			);
			runOnlyForDeploymentPostprocessing = 0;
			shellPath = /bin/sh;
			shellScript = "export RCT_METRO_PORT=\"${RCT_METRO_PORT:=8081}\"\necho \"export RCT_METRO_PORT=${RCT_METRO_PORT}\" > \"${SRCROOT}/../node_modules/react-native/scripts/.packager.env\"\nif [ -z \"${RCT_NO_LAUNCH_PACKAGER+xxx}\" ] ; then\n  if nc -w 5 -z localhost ${RCT_METRO_PORT} ; then\n    if ! curl -s \"http://localhost:${RCT_METRO_PORT}/status\" | grep -q \"packager-status:running\" ; then\n      echo \"Port ${RCT_METRO_PORT} already in use, packager is either not running or not running correctly\"\n      exit 2\n    fi\n  else\n    open \"$SRCROOT/../node_modules/react-native/scripts/launchPackager.command\" || echo \"Can't start packager automatically\"\n  fi\nfi\n";
			showEnvVarsInLog = 0;
		};
/* End PBXShellScriptBuildPhase section */

/* Begin PBXSourcesBuildPhase section */
		00E356EA1AD99517003FC87E /* Sources */ = {
			isa = PBXSourcesBuildPhase;
			buildActionMask = 2147483647;
			files = (
				00E356F31AD99517003FC87E /* MobileCoderTests.m in Sources */,
			);
			runOnlyForDeploymentPostprocessing = 0;
		};
		13B07F871A680F5B00A75B9A /* Sources */ = {
			isa = PBXSourcesBuildPhase;
			buildActionMask = 2147483647;
			files = (
				13B07FBC1A68108700A75B9A /* AppDelegate.m in Sources */,
				13B07FC11A68108700A75B9A /* main.m in Sources */,
			);
			runOnlyForDeploymentPostprocessing = 0;
		};
		2D02E4771E0B4A5D006451C7 /* Sources */ = {
			isa = PBXSourcesBuildPhase;
			buildActionMask = 2147483647;
			files = (
				2D02E4BF1E0B4AB3006451C7 /* main.m in Sources */,
				2D02E4BC1E0B4A80006451C7 /* AppDelegate.m in Sources */,
			);
			runOnlyForDeploymentPostprocessing = 0;
		};
		2D02E48C1E0B4A5D006451C7 /* Sources */ = {
			isa = PBXSourcesBuildPhase;
			buildActionMask = 2147483647;
			files = (
				2DCD954D1E0B4F2C00145EB5 /* MobileCoderTests.m in Sources */,
			);
			runOnlyForDeploymentPostprocessing = 0;
		};
/* End PBXSourcesBuildPhase section */

/* Begin PBXTargetDependency section */
		00E356F51AD99517003FC87E /* PBXTargetDependency */ = {
			isa = PBXTargetDependency;
			target = 13B07F861A680F5B00A75B9A /* MobileCoder */;
			targetProxy = 00E356F41AD99517003FC87E /* PBXContainerItemProxy */;
		};
		2D02E4921E0B4A5D006451C7 /* PBXTargetDependency */ = {
			isa = PBXTargetDependency;
			target = 2D02E47A1E0B4A5D006451C7 /* MobileCoder-tvOS */;
			targetProxy = 2D02E4911E0B4A5D006451C7 /* PBXContainerItemProxy */;
		};
/* End PBXTargetDependency section */

/* Begin XCBuildConfiguration section */
		00E356F61AD99517003FC87E /* Debug */ = {
			isa = XCBuildConfiguration;
			baseConfigurationReference = EE9EC7F61593EB63C98B35D5 /* Pods-MobileCoder-MobileCoderTests.debug.xcconfig */;
			buildSettings = {
				BUNDLE_LOADER = "$(TEST_HOST)";
				GCC_PREPROCESSOR_DEFINITIONS = (
					"DEBUG=1",
					"$(inherited)",
				);
				INFOPLIST_FILE = MobileCoderTests/Info.plist;
				IPHONEOS_DEPLOYMENT_TARGET = 10.0;
				LD_RUNPATH_SEARCH_PATHS = "$(inherited) @executable_path/Frameworks @loader_path/Frameworks";
				OTHER_LDFLAGS = (
					"-ObjC",
					"-lc++",
					"$(inherited)",
				);
				PRODUCT_BUNDLE_IDENTIFIER = "org.reactjs.native.example.$(PRODUCT_NAME:rfc1034identifier)";
				PRODUCT_NAME = "$(TARGET_NAME)";
				TEST_HOST = "$(BUILT_PRODUCTS_DIR)/MobileCoder.app/MobileCoder";
			};
			name = Debug;
		};
		00E356F71AD99517003FC87E /* Release */ = {
			isa = XCBuildConfiguration;
			baseConfigurationReference = 116254E16034FAAEF2DEDBC8 /* Pods-MobileCoder-MobileCoderTests.release.xcconfig */;
			buildSettings = {
				BUNDLE_LOADER = "$(TEST_HOST)";
				COPY_PHASE_STRIP = NO;
				INFOPLIST_FILE = MobileCoderTests/Info.plist;
				IPHONEOS_DEPLOYMENT_TARGET = 10.0;
				LD_RUNPATH_SEARCH_PATHS = "$(inherited) @executable_path/Frameworks @loader_path/Frameworks";
				OTHER_LDFLAGS = (
					"-ObjC",
					"-lc++",
					"$(inherited)",
				);
				PRODUCT_BUNDLE_IDENTIFIER = "org.reactjs.native.example.$(PRODUCT_NAME:rfc1034identifier)";
				PRODUCT_NAME = "$(TARGET_NAME)";
				TEST_HOST = "$(BUILT_PRODUCTS_DIR)/MobileCoder.app/MobileCoder";
			};
			name = Release;
		};
		13B07F941A680F5B00A75B9A /* Debug */ = {
			isa = XCBuildConfiguration;
			baseConfigurationReference = BFB21AB0C46F734F446F4E6D /* Pods-MobileCoder.debug.xcconfig */;
			buildSettings = {
				ASSETCATALOG_COMPILER_APPICON_NAME = "AppIcon-1";
				CLANG_ENABLE_MODULES = YES;
				CURRENT_PROJECT_VERSION = 1;
				DEAD_CODE_STRIPPING = YES;
				DEVELOPMENT_TEAM = A8AAB759SX;
				ENABLE_BITCODE = NO;
				INFOPLIST_FILE = MobileCoder/Info.plist;
				LD_RUNPATH_SEARCH_PATHS = "$(inherited) @executable_path/Frameworks";
				LIBRARY_SEARCH_PATHS = (
					"$(inherited)",
					"${PODS_CONFIGURATION_BUILD_DIR}/FBReactNativeSpec",
					"${PODS_CONFIGURATION_BUILD_DIR}/Folly",
					"${PODS_CONFIGURATION_BUILD_DIR}/RCTTypeSafety",
					"${PODS_CONFIGURATION_BUILD_DIR}/RNCMaskedView",
					"${PODS_CONFIGURATION_BUILD_DIR}/RNGestureHandler",
					"${PODS_CONFIGURATION_BUILD_DIR}/RNReanimated",
					"${PODS_CONFIGURATION_BUILD_DIR}/RNScreens",
					"${PODS_CONFIGURATION_BUILD_DIR}/React-Core",
					"${PODS_CONFIGURATION_BUILD_DIR}/React-CoreModules",
					"${PODS_CONFIGURATION_BUILD_DIR}/React-RCTAnimation",
					"${PODS_CONFIGURATION_BUILD_DIR}/React-RCTBlob",
					"${PODS_CONFIGURATION_BUILD_DIR}/React-RCTImage",
					"${PODS_CONFIGURATION_BUILD_DIR}/React-RCTLinking",
					"${PODS_CONFIGURATION_BUILD_DIR}/React-RCTNetwork",
					"${PODS_CONFIGURATION_BUILD_DIR}/React-RCTSettings",
					"${PODS_CONFIGURATION_BUILD_DIR}/React-RCTText",
					"${PODS_CONFIGURATION_BUILD_DIR}/React-RCTVibration",
					"${PODS_CONFIGURATION_BUILD_DIR}/React-cxxreact",
					"${PODS_CONFIGURATION_BUILD_DIR}/React-jsi",
					"${PODS_CONFIGURATION_BUILD_DIR}/React-jsiexecutor",
					"${PODS_CONFIGURATION_BUILD_DIR}/React-jsinspector",
					"${PODS_CONFIGURATION_BUILD_DIR}/ReactCommon",
					"${PODS_CONFIGURATION_BUILD_DIR}/Yoga",
					"${PODS_CONFIGURATION_BUILD_DIR}/glog",
					"${PODS_CONFIGURATION_BUILD_DIR}/react-native-safe-area-context",
				);
				OTHER_LDFLAGS = (
					"$(inherited)",
					"-ObjC",
					"-lc++",
				);
				PRODUCT_BUNDLE_IDENTIFIER = "org.reactjs.native.example.$(PRODUCT_NAME:rfc1034identifier)";
				PRODUCT_NAME = MobileCoder;
				SWIFT_OPTIMIZATION_LEVEL = "-Onone";
				SWIFT_VERSION = 5.0;
				VERSIONING_SYSTEM = "apple-generic";
			};
			name = Debug;
		};
		13B07F951A680F5B00A75B9A /* Release */ = {
			isa = XCBuildConfiguration;
			baseConfigurationReference = 1B8FF16BCF44F962B681D087 /* Pods-MobileCoder.release.xcconfig */;
			buildSettings = {
				ASSETCATALOG_COMPILER_APPICON_NAME = "AppIcon-1";
				CLANG_ENABLE_MODULES = YES;
				CURRENT_PROJECT_VERSION = 1;
				DEAD_CODE_STRIPPING = YES;
				DEVELOPMENT_TEAM = A8AAB759SX;
				INFOPLIST_FILE = MobileCoder/Info.plist;
				LD_RUNPATH_SEARCH_PATHS = "$(inherited) @executable_path/Frameworks";
				LIBRARY_SEARCH_PATHS = (
					"$(inherited)",
					"${PODS_CONFIGURATION_BUILD_DIR}/FBReactNativeSpec",
					"${PODS_CONFIGURATION_BUILD_DIR}/Folly",
					"${PODS_CONFIGURATION_BUILD_DIR}/RCTTypeSafety",
					"${PODS_CONFIGURATION_BUILD_DIR}/RNCMaskedView",
					"${PODS_CONFIGURATION_BUILD_DIR}/RNGestureHandler",
					"${PODS_CONFIGURATION_BUILD_DIR}/RNReanimated",
					"${PODS_CONFIGURATION_BUILD_DIR}/RNScreens",
					"${PODS_CONFIGURATION_BUILD_DIR}/React-Core",
					"${PODS_CONFIGURATION_BUILD_DIR}/React-CoreModules",
					"${PODS_CONFIGURATION_BUILD_DIR}/React-RCTAnimation",
					"${PODS_CONFIGURATION_BUILD_DIR}/React-RCTBlob",
					"${PODS_CONFIGURATION_BUILD_DIR}/React-RCTImage",
					"${PODS_CONFIGURATION_BUILD_DIR}/React-RCTLinking",
					"${PODS_CONFIGURATION_BUILD_DIR}/React-RCTNetwork",
					"${PODS_CONFIGURATION_BUILD_DIR}/React-RCTSettings",
					"${PODS_CONFIGURATION_BUILD_DIR}/React-RCTText",
					"${PODS_CONFIGURATION_BUILD_DIR}/React-RCTVibration",
					"${PODS_CONFIGURATION_BUILD_DIR}/React-cxxreact",
					"${PODS_CONFIGURATION_BUILD_DIR}/React-jsi",
					"${PODS_CONFIGURATION_BUILD_DIR}/React-jsiexecutor",
					"${PODS_CONFIGURATION_BUILD_DIR}/React-jsinspector",
					"${PODS_CONFIGURATION_BUILD_DIR}/ReactCommon",
					"${PODS_CONFIGURATION_BUILD_DIR}/Yoga",
					"${PODS_CONFIGURATION_BUILD_DIR}/glog",
					"${PODS_CONFIGURATION_BUILD_DIR}/react-native-safe-area-context",
				);
				OTHER_LDFLAGS = (
					"$(inherited)",
					"-ObjC",
					"-lc++",
				);
				PRODUCT_BUNDLE_IDENTIFIER = "org.reactjs.native.example.$(PRODUCT_NAME:rfc1034identifier)";
				PRODUCT_NAME = MobileCoder;
				SWIFT_VERSION = 5.0;
				VERSIONING_SYSTEM = "apple-generic";
			};
			name = Release;
		};
		2D02E4971E0B4A5E006451C7 /* Debug */ = {
			isa = XCBuildConfiguration;
			baseConfigurationReference = 29A0CB087C4FF49E4538CB01 /* Pods-MobileCoder-tvOS.debug.xcconfig */;
			buildSettings = {
				ASSETCATALOG_COMPILER_APPICON_NAME = "App Icon & Top Shelf Image";
				ASSETCATALOG_COMPILER_LAUNCHIMAGE_NAME = LaunchImage;
				CLANG_ANALYZER_NONNULL = YES;
				CLANG_WARN_DOCUMENTATION_COMMENTS = YES;
				CLANG_WARN_INFINITE_RECURSION = YES;
				CLANG_WARN_SUSPICIOUS_MOVE = YES;
				DEBUG_INFORMATION_FORMAT = dwarf;
				ENABLE_TESTABILITY = YES;
				GCC_NO_COMMON_BLOCKS = YES;
				INFOPLIST_FILE = "MobileCoder-tvOS/Info.plist";
				LD_RUNPATH_SEARCH_PATHS = "$(inherited) @executable_path/Frameworks";
				OTHER_LDFLAGS = (
					"$(inherited)",
					"-ObjC",
					"-lc++",
				);
				PRODUCT_BUNDLE_IDENTIFIER = "org.reactjs.native.example.MobileCoder-tvOS";
				PRODUCT_NAME = "$(TARGET_NAME)";
				SDKROOT = appletvos;
				TARGETED_DEVICE_FAMILY = 3;
				TVOS_DEPLOYMENT_TARGET = 10.0;
			};
			name = Debug;
		};
		2D02E4981E0B4A5E006451C7 /* Release */ = {
			isa = XCBuildConfiguration;
			baseConfigurationReference = D92C81EAE45670B4C102905A /* Pods-MobileCoder-tvOS.release.xcconfig */;
			buildSettings = {
				ASSETCATALOG_COMPILER_APPICON_NAME = "App Icon & Top Shelf Image";
				ASSETCATALOG_COMPILER_LAUNCHIMAGE_NAME = LaunchImage;
				CLANG_ANALYZER_NONNULL = YES;
				CLANG_WARN_DOCUMENTATION_COMMENTS = YES;
				CLANG_WARN_INFINITE_RECURSION = YES;
				CLANG_WARN_SUSPICIOUS_MOVE = YES;
				COPY_PHASE_STRIP = NO;
				DEBUG_INFORMATION_FORMAT = "dwarf-with-dsym";
				GCC_NO_COMMON_BLOCKS = YES;
				INFOPLIST_FILE = "MobileCoder-tvOS/Info.plist";
				LD_RUNPATH_SEARCH_PATHS = "$(inherited) @executable_path/Frameworks";
				OTHER_LDFLAGS = (
					"$(inherited)",
					"-ObjC",
					"-lc++",
				);
				PRODUCT_BUNDLE_IDENTIFIER = "org.reactjs.native.example.MobileCoder-tvOS";
				PRODUCT_NAME = "$(TARGET_NAME)";
				SDKROOT = appletvos;
				TARGETED_DEVICE_FAMILY = 3;
				TVOS_DEPLOYMENT_TARGET = 10.0;
			};
			name = Release;
		};
		2D02E4991E0B4A5E006451C7 /* Debug */ = {
			isa = XCBuildConfiguration;
			baseConfigurationReference = C1E85D487E96916A339FE467 /* Pods-MobileCoder-tvOSTests.debug.xcconfig */;
			buildSettings = {
				BUNDLE_LOADER = "$(TEST_HOST)";
				CLANG_ANALYZER_NONNULL = YES;
				CLANG_WARN_DOCUMENTATION_COMMENTS = YES;
				CLANG_WARN_INFINITE_RECURSION = YES;
				CLANG_WARN_SUSPICIOUS_MOVE = YES;
				DEBUG_INFORMATION_FORMAT = dwarf;
				ENABLE_TESTABILITY = YES;
				GCC_NO_COMMON_BLOCKS = YES;
				INFOPLIST_FILE = "MobileCoder-tvOSTests/Info.plist";
				LD_RUNPATH_SEARCH_PATHS = "$(inherited) @executable_path/Frameworks @loader_path/Frameworks";
				OTHER_LDFLAGS = (
					"$(inherited)",
					"-ObjC",
					"-lc++",
				);
				PRODUCT_BUNDLE_IDENTIFIER = "org.reactjs.native.example.MobileCoder-tvOSTests";
				PRODUCT_NAME = "$(TARGET_NAME)";
				SDKROOT = appletvos;
				TEST_HOST = "$(BUILT_PRODUCTS_DIR)/MobileCoder-tvOS.app/MobileCoder-tvOS";
				TVOS_DEPLOYMENT_TARGET = 10.1;
			};
			name = Debug;
		};
		2D02E49A1E0B4A5E006451C7 /* Release */ = {
			isa = XCBuildConfiguration;
			baseConfigurationReference = 7EB02BB948978E16D3E87B39 /* Pods-MobileCoder-tvOSTests.release.xcconfig */;
			buildSettings = {
				BUNDLE_LOADER = "$(TEST_HOST)";
				CLANG_ANALYZER_NONNULL = YES;
				CLANG_WARN_DOCUMENTATION_COMMENTS = YES;
				CLANG_WARN_INFINITE_RECURSION = YES;
				CLANG_WARN_SUSPICIOUS_MOVE = YES;
				COPY_PHASE_STRIP = NO;
				DEBUG_INFORMATION_FORMAT = "dwarf-with-dsym";
				GCC_NO_COMMON_BLOCKS = YES;
				INFOPLIST_FILE = "MobileCoder-tvOSTests/Info.plist";
				LD_RUNPATH_SEARCH_PATHS = "$(inherited) @executable_path/Frameworks @loader_path/Frameworks";
				OTHER_LDFLAGS = (
					"$(inherited)",
					"-ObjC",
					"-lc++",
				);
				PRODUCT_BUNDLE_IDENTIFIER = "org.reactjs.native.example.MobileCoder-tvOSTests";
				PRODUCT_NAME = "$(TARGET_NAME)";
				SDKROOT = appletvos;
				TEST_HOST = "$(BUILT_PRODUCTS_DIR)/MobileCoder-tvOS.app/MobileCoder-tvOS";
				TVOS_DEPLOYMENT_TARGET = 10.1;
			};
			name = Release;
		};
		83CBBA201A601CBA00E9B192 /* Debug */ = {
			isa = XCBuildConfiguration;
			buildSettings = {
				ALWAYS_SEARCH_USER_PATHS = NO;
				CLANG_ANALYZER_LOCALIZABILITY_NONLOCALIZED = YES;
				CLANG_CXX_LANGUAGE_STANDARD = "gnu++0x";
				CLANG_CXX_LIBRARY = "libc++";
				CLANG_ENABLE_MODULES = YES;
				CLANG_ENABLE_OBJC_ARC = YES;
				CLANG_WARN_BLOCK_CAPTURE_AUTORELEASING = YES;
				CLANG_WARN_BOOL_CONVERSION = YES;
				CLANG_WARN_COMMA = YES;
				CLANG_WARN_CONSTANT_CONVERSION = YES;
				CLANG_WARN_DEPRECATED_OBJC_IMPLEMENTATIONS = YES;
				CLANG_WARN_DIRECT_OBJC_ISA_USAGE = YES_ERROR;
				CLANG_WARN_EMPTY_BODY = YES;
				CLANG_WARN_ENUM_CONVERSION = YES;
				CLANG_WARN_INFINITE_RECURSION = YES;
				CLANG_WARN_INT_CONVERSION = YES;
				CLANG_WARN_NON_LITERAL_NULL_CONVERSION = YES;
				CLANG_WARN_OBJC_IMPLICIT_RETAIN_SELF = YES;
				CLANG_WARN_OBJC_LITERAL_CONVERSION = YES;
				CLANG_WARN_OBJC_ROOT_CLASS = YES_ERROR;
				CLANG_WARN_RANGE_LOOP_ANALYSIS = YES;
				CLANG_WARN_STRICT_PROTOTYPES = YES;
				CLANG_WARN_SUSPICIOUS_MOVE = YES;
				CLANG_WARN_UNREACHABLE_CODE = YES;
				CLANG_WARN__DUPLICATE_METHOD_MATCH = YES;
				"CODE_SIGN_IDENTITY[sdk=iphoneos*]" = "iPhone Developer";
				COPY_PHASE_STRIP = NO;
				ENABLE_STRICT_OBJC_MSGSEND = YES;
				ENABLE_TESTABILITY = YES;
				GCC_C_LANGUAGE_STANDARD = gnu99;
				GCC_DYNAMIC_NO_PIC = NO;
				GCC_NO_COMMON_BLOCKS = YES;
				GCC_OPTIMIZATION_LEVEL = 0;
				GCC_PREPROCESSOR_DEFINITIONS = (
					"DEBUG=1",
					"$(inherited)",
				);
				GCC_SYMBOLS_PRIVATE_EXTERN = NO;
				GCC_WARN_64_TO_32_BIT_CONVERSION = YES;
				GCC_WARN_ABOUT_RETURN_TYPE = YES_ERROR;
				GCC_WARN_UNDECLARED_SELECTOR = YES;
				GCC_WARN_UNINITIALIZED_AUTOS = YES_AGGRESSIVE;
				GCC_WARN_UNUSED_FUNCTION = YES;
				GCC_WARN_UNUSED_VARIABLE = YES;
				IPHONEOS_DEPLOYMENT_TARGET = 10.0;
				LD_RUNPATH_SEARCH_PATHS = "/usr/lib/swift $(inherited)";
				LIBRARY_SEARCH_PATHS = (
					"$(TOOLCHAIN_DIR)/usr/lib/swift/$(PLATFORM_NAME)",
					"$(TOOLCHAIN_DIR)/usr/lib/swift-5.0/$(PLATFORM_NAME)",
					"$(inherited)",
				);
				MTL_ENABLE_DEBUG_INFO = YES;
				ONLY_ACTIVE_ARCH = YES;
				SDKROOT = iphoneos;
			};
			name = Debug;
		};
		83CBBA211A601CBA00E9B192 /* Release */ = {
			isa = XCBuildConfiguration;
			buildSettings = {
				ALWAYS_SEARCH_USER_PATHS = NO;
				CLANG_ANALYZER_LOCALIZABILITY_NONLOCALIZED = YES;
				CLANG_CXX_LANGUAGE_STANDARD = "gnu++0x";
				CLANG_CXX_LIBRARY = "libc++";
				CLANG_ENABLE_MODULES = YES;
				CLANG_ENABLE_OBJC_ARC = YES;
				CLANG_WARN_BLOCK_CAPTURE_AUTORELEASING = YES;
				CLANG_WARN_BOOL_CONVERSION = YES;
				CLANG_WARN_COMMA = YES;
				CLANG_WARN_CONSTANT_CONVERSION = YES;
				CLANG_WARN_DEPRECATED_OBJC_IMPLEMENTATIONS = YES;
				CLANG_WARN_DIRECT_OBJC_ISA_USAGE = YES_ERROR;
				CLANG_WARN_EMPTY_BODY = YES;
				CLANG_WARN_ENUM_CONVERSION = YES;
				CLANG_WARN_INFINITE_RECURSION = YES;
				CLANG_WARN_INT_CONVERSION = YES;
				CLANG_WARN_NON_LITERAL_NULL_CONVERSION = YES;
				CLANG_WARN_OBJC_IMPLICIT_RETAIN_SELF = YES;
				CLANG_WARN_OBJC_LITERAL_CONVERSION = YES;
				CLANG_WARN_OBJC_ROOT_CLASS = YES_ERROR;
				CLANG_WARN_RANGE_LOOP_ANALYSIS = YES;
				CLANG_WARN_STRICT_PROTOTYPES = YES;
				CLANG_WARN_SUSPICIOUS_MOVE = YES;
				CLANG_WARN_UNREACHABLE_CODE = YES;
				CLANG_WARN__DUPLICATE_METHOD_MATCH = YES;
				"CODE_SIGN_IDENTITY[sdk=iphoneos*]" = "iPhone Developer";
				COPY_PHASE_STRIP = YES;
				ENABLE_NS_ASSERTIONS = NO;
				ENABLE_STRICT_OBJC_MSGSEND = YES;
				GCC_C_LANGUAGE_STANDARD = gnu99;
				GCC_NO_COMMON_BLOCKS = YES;
				GCC_WARN_64_TO_32_BIT_CONVERSION = YES;
				GCC_WARN_ABOUT_RETURN_TYPE = YES_ERROR;
				GCC_WARN_UNDECLARED_SELECTOR = YES;
				GCC_WARN_UNINITIALIZED_AUTOS = YES_AGGRESSIVE;
				GCC_WARN_UNUSED_FUNCTION = YES;
				GCC_WARN_UNUSED_VARIABLE = YES;
				IPHONEOS_DEPLOYMENT_TARGET = 10.0;
				LD_RUNPATH_SEARCH_PATHS = "/usr/lib/swift $(inherited)";
				LIBRARY_SEARCH_PATHS = (
					"$(TOOLCHAIN_DIR)/usr/lib/swift/$(PLATFORM_NAME)",
					"$(TOOLCHAIN_DIR)/usr/lib/swift-5.0/$(PLATFORM_NAME)",
					"$(inherited)",
				);
				MTL_ENABLE_DEBUG_INFO = NO;
				SDKROOT = iphoneos;
				VALIDATE_PRODUCT = YES;
			};
			name = Release;
		};
/* End XCBuildConfiguration section */

/* Begin XCConfigurationList section */
		00E357021AD99517003FC87E /* Build configuration list for PBXNativeTarget "MobileCoderTests" */ = {
			isa = XCConfigurationList;
			buildConfigurations = (
				00E356F61AD99517003FC87E /* Debug */,
				00E356F71AD99517003FC87E /* Release */,
			);
			defaultConfigurationIsVisible = 0;
			defaultConfigurationName = Release;
		};
		13B07F931A680F5B00A75B9A /* Build configuration list for PBXNativeTarget "MobileCoder" */ = {
			isa = XCConfigurationList;
			buildConfigurations = (
				13B07F941A680F5B00A75B9A /* Debug */,
				13B07F951A680F5B00A75B9A /* Release */,
			);
			defaultConfigurationIsVisible = 0;
			defaultConfigurationName = Release;
		};
		2D02E4BA1E0B4A5E006451C7 /* Build configuration list for PBXNativeTarget "MobileCoder-tvOS" */ = {
			isa = XCConfigurationList;
			buildConfigurations = (
				2D02E4971E0B4A5E006451C7 /* Debug */,
				2D02E4981E0B4A5E006451C7 /* Release */,
			);
			defaultConfigurationIsVisible = 0;
			defaultConfigurationName = Release;
		};
		2D02E4BB1E0B4A5E006451C7 /* Build configuration list for PBXNativeTarget "MobileCoder-tvOSTests" */ = {
			isa = XCConfigurationList;
			buildConfigurations = (
				2D02E4991E0B4A5E006451C7 /* Debug */,
				2D02E49A1E0B4A5E006451C7 /* Release */,
			);
			defaultConfigurationIsVisible = 0;
			defaultConfigurationName = Release;
		};
		83CBB9FA1A601CBA00E9B192 /* Build configuration list for PBXProject "MobileCoder" */ = {
			isa = XCConfigurationList;
			buildConfigurations = (
				83CBBA201A601CBA00E9B192 /* Debug */,
				83CBBA211A601CBA00E9B192 /* Release */,
			);
			defaultConfigurationIsVisible = 0;
			defaultConfigurationName = Release;
		};
/* End XCConfigurationList section */
	};
	rootObject = 83CBB9F71A601CBA00E9B192 /* Project object */;
}
